
Microsoft Visual Studio Solution File, Format Version 12.00
# Visual Studio 15
VisualStudioVersion = 15.0.27130.2026
MinimumVisualStudioVersion = 10.0.40219.1
Project("{FAE04EC0-301F-11D3-BF4B-00C04F79EFBC}") = "CodeArt", "CodeArt\CodeArt.csproj", "{D2C9F430-6B47-482A-A49C-A2478D75F95F}"
EndProject
Project("{FAE04EC0-301F-11D3-BF4B-00C04F79EFBC}") = "CodeArtTest", "CodeArtTest\CodeArtTest.csproj", "{E01E8FB1-C391-45C2-B88C-F4F5C0602D5B}"
EndProject
Project("{FAE04EC0-301F-11D3-BF4B-00C04F79EFBC}") = "CodeArt.ServiceModel", "CodeArt.ServiceModel\CodeArt.ServiceModel.csproj", "{EA6365F1-C027-416B-B4CC-A94572B5FC19}"
EndProject
Project("{FAE04EC0-301F-11D3-BF4B-00C04F79EFBC}") = "CodeArt.ModuleNest", "CodeArt.ModuleNest\CodeArt.ModuleNest.csproj", "{B3E36145-C4AC-4FB2-9232-B31D11C42646}"
EndProject
Project("{FAE04EC0-301F-11D3-BF4B-00C04F79EFBC}") = "CodeArt.DomainDriven", "CodeArt.DomainDriven\CodeArt.DomainDriven.csproj", "{F62D7792-F4EE-4924-898E-C56309E6DFC2}"
EndProject
Project("{FAE04EC0-301F-11D3-BF4B-00C04F79EFBC}") = "CodeArt.DomainDrivenTest", "CodeArt.DomainDrivenTest\CodeArt.DomainDrivenTest.csproj", "{157C9BC8-96F6-4B51-BED5-0EA1886A6B19}"
EndProject
Project("{FAE04EC0-301F-11D3-BF4B-00C04F79EFBC}") = "CodeArt.TestTools", "CodeArt.TestTools\CodeArt.TestTools.csproj", "{A55DD9DB-5254-4D31-888D-05474318035D}"
EndProject
Project("{FAE04EC0-301F-11D3-BF4B-00C04F79EFBC}") = "CodeArt.TestTools.DomainDriven", "CodeArt.TestTools.DomainDriven\CodeArt.TestTools.DomainDriven.csproj", "{1C3B068B-6F6D-40EF-902F-6CE455875BCE}"
EndProject
Project("{FAE04EC0-301F-11D3-BF4B-00C04F79EFBC}") = "CodeArt.DomainDriven.Extensions", "CodeArt.DomainDriven.Extensions\CodeArt.DomainDriven.Extensions.csproj", "{A45A1E35-6CE5-42C2-8FD3-19CE5B0BD5D6}"
EndProject
Project("{FAE04EC0-301F-11D3-BF4B-00C04F79EFBC}") = "CodeArt.DomainDriven.DataAccess", "CodeArt.DomainDriven.DataAccess\CodeArt.DomainDriven.DataAccess.csproj", "{C0BAC0EB-7068-42AF-ACAC-09DF677CF980}"
EndProject
Project("{FAE04EC0-301F-11D3-BF4B-00C04F79EFBC}") = "CodeArt.TestTools.ServiceModel", "CodeArt.TestTools.ServiceModel\CodeArt.TestTools.ServiceModel.csproj", "{986A39BB-38B7-4C33-A61E-C635885088F8}"
EndProject
Project("{FAE04EC0-301F-11D3-BF4B-00C04F79EFBC}") = "CodeArt.Web", "CodeArt.Web\CodeArt.Web.csproj", "{FC477F23-2BCC-4917-841E-691726EB0894}"
EndProject
Project("{FAE04EC0-301F-11D3-BF4B-00C04F79EFBC}") = "CodeArt.ServiceModel.Web", "CodeArt.ServiceModel.Web\CodeArt.ServiceModel.Web.csproj", "{95CB7257-5CE9-477F-8239-A2B57EAF89AD}"
EndProject
Project("{FAE04EC0-301F-11D3-BF4B-00C04F79EFBC}") = "CodeArt.RabbitMQ", "CodeArt.RabbitMQ\CodeArt.RabbitMQ.csproj", "{89C4BA5C-358B-4095-8FD2-0BAE32C2178E}"
EndProject
Project("{FAE04EC0-301F-11D3-BF4B-00C04F79EFBC}") = "CodeArt.ServiceModel.MQ", "CodeArt.ServiceModel.MQ\CodeArt.ServiceModel.MQ.csproj", "{CEBC603E-59AD-4BD7-839D-CCFE7C0841B1}"
EndProject
Project("{FAE04EC0-301F-11D3-BF4B-00C04F79EFBC}") = "CodeArt.EasyMQ", "CodeArt.EasyMQ\CodeArt.EasyMQ.csproj", "{AFB15952-0DFA-4919-9D4B-46C2737654EC}"
EndProject
Project("{2150E333-8FDC-42A3-9474-1A3956D46DE8}") = "EasyMQ", "EasyMQ", "{3135158E-4754-4DDB-8DF1-08AB40488805}"
EndProject
Project("{2150E333-8FDC-42A3-9474-1A3956D46DE8}") = "DomainDriven", "DomainDriven", "{2709930E-101D-4A5F-BE7B-4481A3096A5B}"
EndProject
Project("{2150E333-8FDC-42A3-9474-1A3956D46DE8}") = "TestTools", "TestTools", "{26AF016D-3829-46E2-95E5-D2E8D0719E58}"
EndProject
Project("{2150E333-8FDC-42A3-9474-1A3956D46DE8}") = "ServiceModel", "ServiceModel", "{7707715C-1B4F-4187-8D1D-8AE3FFF4CECE}"
EndProject
Project("{2150E333-8FDC-42A3-9474-1A3956D46DE8}") = "Core", "Core", "{EF420F33-6716-41F1-8EFB-CD8D1EBCE5FF}"
EndProject
Project("{2150E333-8FDC-42A3-9474-1A3956D46DE8}") = "Web", "Web", "{69D4FD59-0C9D-4B98-B42B-6634F3358D2E}"
EndProject
Project("{2150E333-8FDC-42A3-9474-1A3956D46DE8}") = "Test", "Test", "{678EE347-8EA7-4642-8661-E8D22A55F0B6}"
EndProject
Project("{2150E333-8FDC-42A3-9474-1A3956D46DE8}") = "Test", "Test", "{FD3FDC46-79CC-472B-9F7B-FCE340C49759}"
EndProject
Project("{2150E333-8FDC-42A3-9474-1A3956D46DE8}") = "Sample", "Sample", "{E391F65E-73F6-4910-9BF2-D2CE1684FB1F}"
EndProject
Project("{2150E333-8FDC-42A3-9474-1A3956D46DE8}") = "Event", "Event", "{99BE5B4A-A78D-482D-8E46-B1792225E567}"
EndProject
Project("{FAE04EC0-301F-11D3-BF4B-00C04F79EFBC}") = "SubscribeApp1", "SubscribeApp1\SubscribeApp1.csproj", "{AE46BF97-14FA-48E5-BC3D-3E0DB4B75CCA}"
EndProject
Project("{FAE04EC0-301F-11D3-BF4B-00C04F79EFBC}") = "SubscribeApp2", "SubscribeApp2\SubscribeApp2.csproj", "{B0B25074-7036-467E-B95D-FA55A7CC0517}"
EndProject
Project("{FAE04EC0-301F-11D3-BF4B-00C04F79EFBC}") = "PublisherApp1", "PublisherApp1\PublisherApp1.csproj", "{0AC16E96-E932-4147-A09E-10931565750E}"
EndProject
Project("{FAE04EC0-301F-11D3-BF4B-00C04F79EFBC}") = "PublisherApp2", "PublisherApp2\PublisherApp2.csproj", "{F8D7C65E-0DDC-4F10-82B2-D01CADB2D643}"
EndProject
Project("{FAE04EC0-301F-11D3-BF4B-00C04F79EFBC}") = "SubscribeApp3", "SubscribeApp3\SubscribeApp3.csproj", "{42E35589-2247-4ADF-827F-99F93C3ED373}"
EndProject
Project("{2150E333-8FDC-42A3-9474-1A3956D46DE8}") = "RPC", "RPC", "{F1880805-7A1E-4600-99BB-0EC7702DE135}"
EndProject
Project("{FAE04EC0-301F-11D3-BF4B-00C04F79EFBC}") = "ClientApp1", "ClientApp1\ClientApp1.csproj", "{C1C0F47A-ACF5-49E9-8BAA-424FFA9645C5}"
EndProject
Project("{FAE04EC0-301F-11D3-BF4B-00C04F79EFBC}") = "ClientApp2", "ClientApp2\ClientApp2.csproj", "{82A286BD-C005-4BB6-8192-5EF7622E9094}"
EndProject
Project("{FAE04EC0-301F-11D3-BF4B-00C04F79EFBC}") = "ServerApp1", "ServerApp1\ServerApp1.csproj", "{33171CCD-153D-4995-AD31-938E53DEC744}"
EndProject
Project("{FAE04EC0-301F-11D3-BF4B-00C04F79EFBC}") = "ServerApp2", "ServerApp2\ServerApp2.csproj", "{2D36C6E9-1801-4EF5-941B-AA02306C6F9A}"
EndProject
Project("{FAE04EC0-301F-11D3-BF4B-00C04F79EFBC}") = "ServerApp3", "ServerApp3\ServerApp3.csproj", "{54E96BE4-723E-46B2-8C7D-873A87004E23}"
EndProject
Project("{FAE04EC0-301F-11D3-BF4B-00C04F79EFBC}") = "DomainDrivenTestApp", "DomainDrivenTestApp\DomainDrivenTestApp.csproj", "{9E39336D-70AB-4B6B-AE07-32E3AE1CE342}"
EndProject
Project("{2150E333-8FDC-42A3-9474-1A3956D46DE8}") = "Event", "Event", "{F956E7AA-01AD-48E1-B549-056834FD9F42}"
EndProject
Project("{FAE04EC0-301F-11D3-BF4B-00C04F79EFBC}") = "DomainEventApp1", "DomainEventApp1\DomainEventApp1.csproj", "{FFCC2280-289C-441E-B126-6215493F0DCF}"
EndProject
Project("{FAE04EC0-301F-11D3-BF4B-00C04F79EFBC}") = "DomainEventApp2", "DomainEventApp2\DomainEventApp2.csproj", "{03291FCD-A5EB-4170-95EB-C9A96972138C}"
EndProject
Project("{FAE04EC0-301F-11D3-BF4B-00C04F79EFBC}") = "DomainEventApp3", "DomainEventApp3\DomainEventApp3.csproj", "{12F5781D-1C33-4DC7-844B-6FA75210B5DE}"
EndProject
Project("{FAE04EC0-301F-11D3-BF4B-00C04F79EFBC}") = "DomainEventApp4", "DomainEventApp4\DomainEventApp4.csproj", "{213FC1E8-7770-49B7-96D3-B8AFBF6808B1}"
EndProject
Project("{FAE04EC0-301F-11D3-BF4B-00C04F79EFBC}") = "DomainEventApp5", "DomainEventApp5\DomainEventApp5.csproj", "{15F833EE-FE91-417D-97A3-1818D5338A24}"
EndProject
Project("{FAE04EC0-301F-11D3-BF4B-00C04F79EFBC}") = "DomainEventApp0", "DomainEventApp0\DomainEventApp0.csproj", "{303E7FFC-F14F-4D00-A424-A751297E23B0}"
EndProject
Project("{2150E333-8FDC-42A3-9474-1A3956D46DE8}") = "Net", "Net", "{50A37AE5-425E-4C2C-B44B-4F8C378B4530}"
EndProject
Project("{FAE04EC0-301F-11D3-BF4B-00C04F79EFBC}") = "CodeArt.Net.Anycast", "CodeArt.Net.Anycast\CodeArt.Net.Anycast.csproj", "{81BBEE8D-C161-4E24-BA2B-5E81230D8C19}"
EndProject
Project("{2150E333-8FDC-42A3-9474-1A3956D46DE8}") = "Sample", "Sample", "{3B2BF482-C6B4-4459-BFE5-9E2CF7ACD998}"
EndProject
Project("{FAE04EC0-301F-11D3-BF4B-00C04F79EFBC}") = "AnycastServerApp", "AnycastServerApp\AnycastServerApp.csproj", "{AD6C296D-9E62-42F6-A36A-D2FA09638398}"
EndProject
Project("{FAE04EC0-301F-11D3-BF4B-00C04F79EFBC}") = "AnycastClientApp1", "AnycastClientApp1\AnycastClientApp1.csproj", "{9D9F70B5-882D-4A09-9074-9B70FBD11A37}"
EndProject
Project("{2150E333-8FDC-42A3-9474-1A3956D46DE8}") = "Windows", "Windows", "{06856880-120E-46DB-A69B-E790E6FC9FAA}"
EndProject
Project("{FAE04EC0-301F-11D3-BF4B-00C04F79EFBC}") = "CodeArt.WPF", "CodeArt.WPF\CodeArt.WPF.csproj", "{E6F8CAAF-ADAD-498F-BAB1-449A6D863BC7}"
EndProject
Project("{FAE04EC0-301F-11D3-BF4B-00C04F79EFBC}") = "CodeArt.WPF.Controls", "CodeArt.WPF.Controls\CodeArt.WPF.Controls.csproj", "{E84D62A9-01C1-4401-8A4C-7EF229600E4E}"
EndProject
Project("{FAE04EC0-301F-11D3-BF4B-00C04F79EFBC}") = "CodeArt.Drawing", "CodeArt.Drawing\CodeArt.Drawing.csproj", "{FF92CA53-50D3-4565-BB53-21E08F9EA313}"
EndProject
Project("{FAE04EC0-301F-11D3-BF4B-00C04F79EFBC}") = "CodeArt.Media", "CodeArt.Media\CodeArt.Media.csproj", "{78E09FDE-D0C8-4D78-BDEC-722655506F3E}"
EndProject
Project("{FAE04EC0-301F-11D3-BF4B-00C04F79EFBC}") = "CodeArt.Office", "CodeArt.Office\CodeArt.Office.csproj", "{DB4965C8-7A91-450D-9E44-F5A5B82AC0FA}"
EndProject
Project("{FAE04EC0-301F-11D3-BF4B-00C04F79EFBC}") = "CodeArt.Web.WebPages", "CodeArt.Web.WebPages\CodeArt.Web.WebPages.csproj", "{1D237E7F-2E78-400A-BDB2-A3223EF26C0D}"
EndProject
Project("{FAE04EC0-301F-11D3-BF4B-00C04F79EFBC}") = "CodeArt.Web.WebPages.Xaml", "CodeArt.Web.WebPages.Xaml\CodeArt.Web.WebPages.Xaml.csproj", "{68B7EBB5-5B78-4016-A34B-266523702D59}"
EndProject
Project("{FAE04EC0-301F-11D3-BF4B-00C04F79EFBC}") = "CodeArt.Html", "CodeArt.Html\CodeArt.Html.csproj", "{F134C1D9-472F-4F47-AF9E-7ED079FA455E}"
EndProject
Project("{FAE04EC0-301F-11D3-BF4B-00C04F79EFBC}") = "CodeArt.Web.XamlControls.Metronic", "CodeArt.Web.XamlControls.Metronic\CodeArt.Web.XamlControls.Metronic.csproj", "{2E5DE8D2-6C26-4D15-8491-82B931258EA5}"
EndProject
Project("{FAE04EC0-301F-11D3-BF4B-00C04F79EFBC}") = "CodeArt.Web.XamlControls", "CodeArt.Web.XamlControls\CodeArt.Web.XamlControls.csproj", "{A13AE9FE-0246-4F9A-B992-67056ADF01EE}"
EndProject
Project("{FAE04EC0-301F-11D3-BF4B-00C04F79EFBC}") = "CodeArt.Web.WebPages.Static", "CodeArt.Web.WebPages.Static\CodeArt.Web.WebPages.Static.csproj", "{21489BC9-1EFC-4A37-A513-0BFBC8D3012C}"
EndProject
Project("{2150E333-8FDC-42A3-9474-1A3956D46DE8}") = "Concurrent", "Concurrent", "{2A37FE62-BF14-4F07-A6F7-D3A357E35BD5}"
EndProject
Project("{2150E333-8FDC-42A3-9474-1A3956D46DE8}") = "RPC", "RPC", "{AE2ED35D-5464-4618-B269-1024300161F9}"
EndProject
Project("{FAE04EC0-301F-11D3-BF4B-00C04F79EFBC}") = "RPCConcurrentServer", "RPCConcurrentServer\RPCConcurrentServer.csproj", "{E106FE3F-70FA-4827-9B97-0075E266C93A}"
EndProject
Project("{FAE04EC0-301F-11D3-BF4B-00C04F79EFBC}") = "RPCConcurrentClient", "RPCConcurrentClient\RPCConcurrentClient.csproj", "{378B3D04-54CC-4E72-BBFE-B8441D4974EB}"
EndProject
Global
	GlobalSection(SolutionConfigurationPlatforms) = preSolution
		Debug|Any CPU = Debug|Any CPU
		Debug|ARM = Debug|ARM
		Debug|x64 = Debug|x64
		Debug|x86 = Debug|x86
		Release|Any CPU = Release|Any CPU
		Release|ARM = Release|ARM
		Release|x64 = Release|x64
		Release|x86 = Release|x86
	EndGlobalSection
	GlobalSection(ProjectConfigurationPlatforms) = postSolution
		{D2C9F430-6B47-482A-A49C-A2478D75F95F}.Debug|Any CPU.ActiveCfg = Debug|Any CPU
		{D2C9F430-6B47-482A-A49C-A2478D75F95F}.Debug|Any CPU.Build.0 = Debug|Any CPU
		{D2C9F430-6B47-482A-A49C-A2478D75F95F}.Debug|ARM.ActiveCfg = Debug|Any CPU
		{D2C9F430-6B47-482A-A49C-A2478D75F95F}.Debug|ARM.Build.0 = Debug|Any CPU
		{D2C9F430-6B47-482A-A49C-A2478D75F95F}.Debug|x64.ActiveCfg = Debug|Any CPU
		{D2C9F430-6B47-482A-A49C-A2478D75F95F}.Debug|x64.Build.0 = Debug|Any CPU
		{D2C9F430-6B47-482A-A49C-A2478D75F95F}.Debug|x86.ActiveCfg = Debug|Any CPU
		{D2C9F430-6B47-482A-A49C-A2478D75F95F}.Debug|x86.Build.0 = Debug|Any CPU
		{D2C9F430-6B47-482A-A49C-A2478D75F95F}.Release|Any CPU.ActiveCfg = Release|Any CPU
		{D2C9F430-6B47-482A-A49C-A2478D75F95F}.Release|Any CPU.Build.0 = Release|Any CPU
		{D2C9F430-6B47-482A-A49C-A2478D75F95F}.Release|ARM.ActiveCfg = Release|Any CPU
		{D2C9F430-6B47-482A-A49C-A2478D75F95F}.Release|ARM.Build.0 = Release|Any CPU
		{D2C9F430-6B47-482A-A49C-A2478D75F95F}.Release|x64.ActiveCfg = Release|Any CPU
		{D2C9F430-6B47-482A-A49C-A2478D75F95F}.Release|x64.Build.0 = Release|Any CPU
		{D2C9F430-6B47-482A-A49C-A2478D75F95F}.Release|x86.ActiveCfg = Release|Any CPU
		{D2C9F430-6B47-482A-A49C-A2478D75F95F}.Release|x86.Build.0 = Release|Any CPU
		{E01E8FB1-C391-45C2-B88C-F4F5C0602D5B}.Debug|Any CPU.ActiveCfg = Debug|Any CPU
		{E01E8FB1-C391-45C2-B88C-F4F5C0602D5B}.Debug|Any CPU.Build.0 = Debug|Any CPU
		{E01E8FB1-C391-45C2-B88C-F4F5C0602D5B}.Debug|ARM.ActiveCfg = Debug|Any CPU
		{E01E8FB1-C391-45C2-B88C-F4F5C0602D5B}.Debug|ARM.Build.0 = Debug|Any CPU
		{E01E8FB1-C391-45C2-B88C-F4F5C0602D5B}.Debug|x64.ActiveCfg = Debug|Any CPU
		{E01E8FB1-C391-45C2-B88C-F4F5C0602D5B}.Debug|x64.Build.0 = Debug|Any CPU
		{E01E8FB1-C391-45C2-B88C-F4F5C0602D5B}.Debug|x86.ActiveCfg = Debug|Any CPU
		{E01E8FB1-C391-45C2-B88C-F4F5C0602D5B}.Debug|x86.Build.0 = Debug|Any CPU
		{E01E8FB1-C391-45C2-B88C-F4F5C0602D5B}.Release|Any CPU.ActiveCfg = Release|Any CPU
		{E01E8FB1-C391-45C2-B88C-F4F5C0602D5B}.Release|Any CPU.Build.0 = Release|Any CPU
		{E01E8FB1-C391-45C2-B88C-F4F5C0602D5B}.Release|ARM.ActiveCfg = Release|Any CPU
		{E01E8FB1-C391-45C2-B88C-F4F5C0602D5B}.Release|ARM.Build.0 = Release|Any CPU
		{E01E8FB1-C391-45C2-B88C-F4F5C0602D5B}.Release|x64.ActiveCfg = Release|Any CPU
		{E01E8FB1-C391-45C2-B88C-F4F5C0602D5B}.Release|x64.Build.0 = Release|Any CPU
		{E01E8FB1-C391-45C2-B88C-F4F5C0602D5B}.Release|x86.ActiveCfg = Release|Any CPU
		{E01E8FB1-C391-45C2-B88C-F4F5C0602D5B}.Release|x86.Build.0 = Release|Any CPU
		{EA6365F1-C027-416B-B4CC-A94572B5FC19}.Debug|Any CPU.ActiveCfg = Debug|Any CPU
		{EA6365F1-C027-416B-B4CC-A94572B5FC19}.Debug|Any CPU.Build.0 = Debug|Any CPU
		{EA6365F1-C027-416B-B4CC-A94572B5FC19}.Debug|ARM.ActiveCfg = Debug|Any CPU
		{EA6365F1-C027-416B-B4CC-A94572B5FC19}.Debug|ARM.Build.0 = Debug|Any CPU
		{EA6365F1-C027-416B-B4CC-A94572B5FC19}.Debug|x64.ActiveCfg = Debug|Any CPU
		{EA6365F1-C027-416B-B4CC-A94572B5FC19}.Debug|x64.Build.0 = Debug|Any CPU
		{EA6365F1-C027-416B-B4CC-A94572B5FC19}.Debug|x86.ActiveCfg = Debug|Any CPU
		{EA6365F1-C027-416B-B4CC-A94572B5FC19}.Debug|x86.Build.0 = Debug|Any CPU
		{EA6365F1-C027-416B-B4CC-A94572B5FC19}.Release|Any CPU.ActiveCfg = Release|Any CPU
		{EA6365F1-C027-416B-B4CC-A94572B5FC19}.Release|Any CPU.Build.0 = Release|Any CPU
		{EA6365F1-C027-416B-B4CC-A94572B5FC19}.Release|ARM.ActiveCfg = Release|Any CPU
		{EA6365F1-C027-416B-B4CC-A94572B5FC19}.Release|ARM.Build.0 = Release|Any CPU
		{EA6365F1-C027-416B-B4CC-A94572B5FC19}.Release|x64.ActiveCfg = Release|Any CPU
		{EA6365F1-C027-416B-B4CC-A94572B5FC19}.Release|x64.Build.0 = Release|Any CPU
		{EA6365F1-C027-416B-B4CC-A94572B5FC19}.Release|x86.ActiveCfg = Release|Any CPU
		{EA6365F1-C027-416B-B4CC-A94572B5FC19}.Release|x86.Build.0 = Release|Any CPU
		{B3E36145-C4AC-4FB2-9232-B31D11C42646}.Debug|Any CPU.ActiveCfg = Debug|Any CPU
		{B3E36145-C4AC-4FB2-9232-B31D11C42646}.Debug|Any CPU.Build.0 = Debug|Any CPU
		{B3E36145-C4AC-4FB2-9232-B31D11C42646}.Debug|ARM.ActiveCfg = Debug|Any CPU
		{B3E36145-C4AC-4FB2-9232-B31D11C42646}.Debug|ARM.Build.0 = Debug|Any CPU
		{B3E36145-C4AC-4FB2-9232-B31D11C42646}.Debug|x64.ActiveCfg = Debug|Any CPU
		{B3E36145-C4AC-4FB2-9232-B31D11C42646}.Debug|x64.Build.0 = Debug|Any CPU
		{B3E36145-C4AC-4FB2-9232-B31D11C42646}.Debug|x86.ActiveCfg = Debug|Any CPU
		{B3E36145-C4AC-4FB2-9232-B31D11C42646}.Debug|x86.Build.0 = Debug|Any CPU
		{B3E36145-C4AC-4FB2-9232-B31D11C42646}.Release|Any CPU.ActiveCfg = Release|Any CPU
		{B3E36145-C4AC-4FB2-9232-B31D11C42646}.Release|Any CPU.Build.0 = Release|Any CPU
		{B3E36145-C4AC-4FB2-9232-B31D11C42646}.Release|ARM.ActiveCfg = Release|Any CPU
		{B3E36145-C4AC-4FB2-9232-B31D11C42646}.Release|ARM.Build.0 = Release|Any CPU
		{B3E36145-C4AC-4FB2-9232-B31D11C42646}.Release|x64.ActiveCfg = Release|Any CPU
		{B3E36145-C4AC-4FB2-9232-B31D11C42646}.Release|x64.Build.0 = Release|Any CPU
		{B3E36145-C4AC-4FB2-9232-B31D11C42646}.Release|x86.ActiveCfg = Release|Any CPU
		{B3E36145-C4AC-4FB2-9232-B31D11C42646}.Release|x86.Build.0 = Release|Any CPU
		{F62D7792-F4EE-4924-898E-C56309E6DFC2}.Debug|Any CPU.ActiveCfg = Debug|Any CPU
		{F62D7792-F4EE-4924-898E-C56309E6DFC2}.Debug|Any CPU.Build.0 = Debug|Any CPU
		{F62D7792-F4EE-4924-898E-C56309E6DFC2}.Debug|ARM.ActiveCfg = Debug|Any CPU
		{F62D7792-F4EE-4924-898E-C56309E6DFC2}.Debug|ARM.Build.0 = Debug|Any CPU
		{F62D7792-F4EE-4924-898E-C56309E6DFC2}.Debug|x64.ActiveCfg = Debug|Any CPU
		{F62D7792-F4EE-4924-898E-C56309E6DFC2}.Debug|x64.Build.0 = Debug|Any CPU
		{F62D7792-F4EE-4924-898E-C56309E6DFC2}.Debug|x86.ActiveCfg = Debug|Any CPU
		{F62D7792-F4EE-4924-898E-C56309E6DFC2}.Debug|x86.Build.0 = Debug|Any CPU
		{F62D7792-F4EE-4924-898E-C56309E6DFC2}.Release|Any CPU.ActiveCfg = Release|Any CPU
		{F62D7792-F4EE-4924-898E-C56309E6DFC2}.Release|Any CPU.Build.0 = Release|Any CPU
		{F62D7792-F4EE-4924-898E-C56309E6DFC2}.Release|ARM.ActiveCfg = Release|Any CPU
		{F62D7792-F4EE-4924-898E-C56309E6DFC2}.Release|ARM.Build.0 = Release|Any CPU
		{F62D7792-F4EE-4924-898E-C56309E6DFC2}.Release|x64.ActiveCfg = Release|Any CPU
		{F62D7792-F4EE-4924-898E-C56309E6DFC2}.Release|x64.Build.0 = Release|Any CPU
		{F62D7792-F4EE-4924-898E-C56309E6DFC2}.Release|x86.ActiveCfg = Release|Any CPU
		{F62D7792-F4EE-4924-898E-C56309E6DFC2}.Release|x86.Build.0 = Release|Any CPU
		{157C9BC8-96F6-4B51-BED5-0EA1886A6B19}.Debug|Any CPU.ActiveCfg = Debug|Any CPU
		{157C9BC8-96F6-4B51-BED5-0EA1886A6B19}.Debug|Any CPU.Build.0 = Debug|Any CPU
		{157C9BC8-96F6-4B51-BED5-0EA1886A6B19}.Debug|ARM.ActiveCfg = Debug|Any CPU
		{157C9BC8-96F6-4B51-BED5-0EA1886A6B19}.Debug|ARM.Build.0 = Debug|Any CPU
		{157C9BC8-96F6-4B51-BED5-0EA1886A6B19}.Debug|x64.ActiveCfg = Debug|Any CPU
		{157C9BC8-96F6-4B51-BED5-0EA1886A6B19}.Debug|x64.Build.0 = Debug|Any CPU
		{157C9BC8-96F6-4B51-BED5-0EA1886A6B19}.Debug|x86.ActiveCfg = Debug|Any CPU
		{157C9BC8-96F6-4B51-BED5-0EA1886A6B19}.Debug|x86.Build.0 = Debug|Any CPU
		{157C9BC8-96F6-4B51-BED5-0EA1886A6B19}.Release|Any CPU.ActiveCfg = Release|Any CPU
		{157C9BC8-96F6-4B51-BED5-0EA1886A6B19}.Release|Any CPU.Build.0 = Release|Any CPU
		{157C9BC8-96F6-4B51-BED5-0EA1886A6B19}.Release|ARM.ActiveCfg = Release|Any CPU
		{157C9BC8-96F6-4B51-BED5-0EA1886A6B19}.Release|ARM.Build.0 = Release|Any CPU
		{157C9BC8-96F6-4B51-BED5-0EA1886A6B19}.Release|x64.ActiveCfg = Release|Any CPU
		{157C9BC8-96F6-4B51-BED5-0EA1886A6B19}.Release|x64.Build.0 = Release|Any CPU
		{157C9BC8-96F6-4B51-BED5-0EA1886A6B19}.Release|x86.ActiveCfg = Release|Any CPU
		{157C9BC8-96F6-4B51-BED5-0EA1886A6B19}.Release|x86.Build.0 = Release|Any CPU
		{A55DD9DB-5254-4D31-888D-05474318035D}.Debug|Any CPU.ActiveCfg = Debug|Any CPU
		{A55DD9DB-5254-4D31-888D-05474318035D}.Debug|Any CPU.Build.0 = Debug|Any CPU
		{A55DD9DB-5254-4D31-888D-05474318035D}.Debug|ARM.ActiveCfg = Debug|Any CPU
		{A55DD9DB-5254-4D31-888D-05474318035D}.Debug|ARM.Build.0 = Debug|Any CPU
		{A55DD9DB-5254-4D31-888D-05474318035D}.Debug|x64.ActiveCfg = Debug|Any CPU
		{A55DD9DB-5254-4D31-888D-05474318035D}.Debug|x64.Build.0 = Debug|Any CPU
		{A55DD9DB-5254-4D31-888D-05474318035D}.Debug|x86.ActiveCfg = Debug|Any CPU
		{A55DD9DB-5254-4D31-888D-05474318035D}.Debug|x86.Build.0 = Debug|Any CPU
		{A55DD9DB-5254-4D31-888D-05474318035D}.Release|Any CPU.ActiveCfg = Release|Any CPU
		{A55DD9DB-5254-4D31-888D-05474318035D}.Release|Any CPU.Build.0 = Release|Any CPU
		{A55DD9DB-5254-4D31-888D-05474318035D}.Release|ARM.ActiveCfg = Release|Any CPU
		{A55DD9DB-5254-4D31-888D-05474318035D}.Release|ARM.Build.0 = Release|Any CPU
		{A55DD9DB-5254-4D31-888D-05474318035D}.Release|x64.ActiveCfg = Release|Any CPU
		{A55DD9DB-5254-4D31-888D-05474318035D}.Release|x64.Build.0 = Release|Any CPU
		{A55DD9DB-5254-4D31-888D-05474318035D}.Release|x86.ActiveCfg = Release|Any CPU
		{A55DD9DB-5254-4D31-888D-05474318035D}.Release|x86.Build.0 = Release|Any CPU
		{1C3B068B-6F6D-40EF-902F-6CE455875BCE}.Debug|Any CPU.ActiveCfg = Debug|Any CPU
		{1C3B068B-6F6D-40EF-902F-6CE455875BCE}.Debug|Any CPU.Build.0 = Debug|Any CPU
		{1C3B068B-6F6D-40EF-902F-6CE455875BCE}.Debug|ARM.ActiveCfg = Debug|Any CPU
		{1C3B068B-6F6D-40EF-902F-6CE455875BCE}.Debug|ARM.Build.0 = Debug|Any CPU
		{1C3B068B-6F6D-40EF-902F-6CE455875BCE}.Debug|x64.ActiveCfg = Debug|Any CPU
		{1C3B068B-6F6D-40EF-902F-6CE455875BCE}.Debug|x64.Build.0 = Debug|Any CPU
		{1C3B068B-6F6D-40EF-902F-6CE455875BCE}.Debug|x86.ActiveCfg = Debug|Any CPU
		{1C3B068B-6F6D-40EF-902F-6CE455875BCE}.Debug|x86.Build.0 = Debug|Any CPU
		{1C3B068B-6F6D-40EF-902F-6CE455875BCE}.Release|Any CPU.ActiveCfg = Release|Any CPU
		{1C3B068B-6F6D-40EF-902F-6CE455875BCE}.Release|Any CPU.Build.0 = Release|Any CPU
		{1C3B068B-6F6D-40EF-902F-6CE455875BCE}.Release|ARM.ActiveCfg = Release|Any CPU
		{1C3B068B-6F6D-40EF-902F-6CE455875BCE}.Release|ARM.Build.0 = Release|Any CPU
		{1C3B068B-6F6D-40EF-902F-6CE455875BCE}.Release|x64.ActiveCfg = Release|Any CPU
		{1C3B068B-6F6D-40EF-902F-6CE455875BCE}.Release|x64.Build.0 = Release|Any CPU
		{1C3B068B-6F6D-40EF-902F-6CE455875BCE}.Release|x86.ActiveCfg = Release|Any CPU
		{1C3B068B-6F6D-40EF-902F-6CE455875BCE}.Release|x86.Build.0 = Release|Any CPU
		{A45A1E35-6CE5-42C2-8FD3-19CE5B0BD5D6}.Debug|Any CPU.ActiveCfg = Debug|Any CPU
		{A45A1E35-6CE5-42C2-8FD3-19CE5B0BD5D6}.Debug|Any CPU.Build.0 = Debug|Any CPU
		{A45A1E35-6CE5-42C2-8FD3-19CE5B0BD5D6}.Debug|ARM.ActiveCfg = Debug|Any CPU
		{A45A1E35-6CE5-42C2-8FD3-19CE5B0BD5D6}.Debug|ARM.Build.0 = Debug|Any CPU
		{A45A1E35-6CE5-42C2-8FD3-19CE5B0BD5D6}.Debug|x64.ActiveCfg = Debug|Any CPU
		{A45A1E35-6CE5-42C2-8FD3-19CE5B0BD5D6}.Debug|x64.Build.0 = Debug|Any CPU
		{A45A1E35-6CE5-42C2-8FD3-19CE5B0BD5D6}.Debug|x86.ActiveCfg = Debug|Any CPU
		{A45A1E35-6CE5-42C2-8FD3-19CE5B0BD5D6}.Debug|x86.Build.0 = Debug|Any CPU
		{A45A1E35-6CE5-42C2-8FD3-19CE5B0BD5D6}.Release|Any CPU.ActiveCfg = Release|Any CPU
		{A45A1E35-6CE5-42C2-8FD3-19CE5B0BD5D6}.Release|Any CPU.Build.0 = Release|Any CPU
		{A45A1E35-6CE5-42C2-8FD3-19CE5B0BD5D6}.Release|ARM.ActiveCfg = Release|Any CPU
		{A45A1E35-6CE5-42C2-8FD3-19CE5B0BD5D6}.Release|ARM.Build.0 = Release|Any CPU
		{A45A1E35-6CE5-42C2-8FD3-19CE5B0BD5D6}.Release|x64.ActiveCfg = Release|Any CPU
		{A45A1E35-6CE5-42C2-8FD3-19CE5B0BD5D6}.Release|x64.Build.0 = Release|Any CPU
		{A45A1E35-6CE5-42C2-8FD3-19CE5B0BD5D6}.Release|x86.ActiveCfg = Release|Any CPU
		{A45A1E35-6CE5-42C2-8FD3-19CE5B0BD5D6}.Release|x86.Build.0 = Release|Any CPU
		{C0BAC0EB-7068-42AF-ACAC-09DF677CF980}.Debug|Any CPU.ActiveCfg = Debug|Any CPU
		{C0BAC0EB-7068-42AF-ACAC-09DF677CF980}.Debug|Any CPU.Build.0 = Debug|Any CPU
		{C0BAC0EB-7068-42AF-ACAC-09DF677CF980}.Debug|ARM.ActiveCfg = Debug|Any CPU
		{C0BAC0EB-7068-42AF-ACAC-09DF677CF980}.Debug|ARM.Build.0 = Debug|Any CPU
		{C0BAC0EB-7068-42AF-ACAC-09DF677CF980}.Debug|x64.ActiveCfg = Debug|Any CPU
		{C0BAC0EB-7068-42AF-ACAC-09DF677CF980}.Debug|x64.Build.0 = Debug|Any CPU
		{C0BAC0EB-7068-42AF-ACAC-09DF677CF980}.Debug|x86.ActiveCfg = Debug|Any CPU
		{C0BAC0EB-7068-42AF-ACAC-09DF677CF980}.Debug|x86.Build.0 = Debug|Any CPU
		{C0BAC0EB-7068-42AF-ACAC-09DF677CF980}.Release|Any CPU.ActiveCfg = Release|Any CPU
		{C0BAC0EB-7068-42AF-ACAC-09DF677CF980}.Release|Any CPU.Build.0 = Release|Any CPU
		{C0BAC0EB-7068-42AF-ACAC-09DF677CF980}.Release|ARM.ActiveCfg = Release|Any CPU
		{C0BAC0EB-7068-42AF-ACAC-09DF677CF980}.Release|ARM.Build.0 = Release|Any CPU
		{C0BAC0EB-7068-42AF-ACAC-09DF677CF980}.Release|x64.ActiveCfg = Release|Any CPU
		{C0BAC0EB-7068-42AF-ACAC-09DF677CF980}.Release|x64.Build.0 = Release|Any CPU
		{C0BAC0EB-7068-42AF-ACAC-09DF677CF980}.Release|x86.ActiveCfg = Release|Any CPU
		{C0BAC0EB-7068-42AF-ACAC-09DF677CF980}.Release|x86.Build.0 = Release|Any CPU
		{986A39BB-38B7-4C33-A61E-C635885088F8}.Debug|Any CPU.ActiveCfg = Debug|Any CPU
		{986A39BB-38B7-4C33-A61E-C635885088F8}.Debug|Any CPU.Build.0 = Debug|Any CPU
		{986A39BB-38B7-4C33-A61E-C635885088F8}.Debug|ARM.ActiveCfg = Debug|Any CPU
		{986A39BB-38B7-4C33-A61E-C635885088F8}.Debug|ARM.Build.0 = Debug|Any CPU
		{986A39BB-38B7-4C33-A61E-C635885088F8}.Debug|x64.ActiveCfg = Debug|Any CPU
		{986A39BB-38B7-4C33-A61E-C635885088F8}.Debug|x64.Build.0 = Debug|Any CPU
		{986A39BB-38B7-4C33-A61E-C635885088F8}.Debug|x86.ActiveCfg = Debug|Any CPU
		{986A39BB-38B7-4C33-A61E-C635885088F8}.Debug|x86.Build.0 = Debug|Any CPU
		{986A39BB-38B7-4C33-A61E-C635885088F8}.Release|Any CPU.ActiveCfg = Release|Any CPU
		{986A39BB-38B7-4C33-A61E-C635885088F8}.Release|Any CPU.Build.0 = Release|Any CPU
		{986A39BB-38B7-4C33-A61E-C635885088F8}.Release|ARM.ActiveCfg = Release|Any CPU
		{986A39BB-38B7-4C33-A61E-C635885088F8}.Release|ARM.Build.0 = Release|Any CPU
		{986A39BB-38B7-4C33-A61E-C635885088F8}.Release|x64.ActiveCfg = Release|Any CPU
		{986A39BB-38B7-4C33-A61E-C635885088F8}.Release|x64.Build.0 = Release|Any CPU
		{986A39BB-38B7-4C33-A61E-C635885088F8}.Release|x86.ActiveCfg = Release|Any CPU
		{986A39BB-38B7-4C33-A61E-C635885088F8}.Release|x86.Build.0 = Release|Any CPU
		{FC477F23-2BCC-4917-841E-691726EB0894}.Debug|Any CPU.ActiveCfg = Debug|Any CPU
		{FC477F23-2BCC-4917-841E-691726EB0894}.Debug|Any CPU.Build.0 = Debug|Any CPU
		{FC477F23-2BCC-4917-841E-691726EB0894}.Debug|ARM.ActiveCfg = Debug|Any CPU
		{FC477F23-2BCC-4917-841E-691726EB0894}.Debug|ARM.Build.0 = Debug|Any CPU
		{FC477F23-2BCC-4917-841E-691726EB0894}.Debug|x64.ActiveCfg = Debug|Any CPU
		{FC477F23-2BCC-4917-841E-691726EB0894}.Debug|x64.Build.0 = Debug|Any CPU
		{FC477F23-2BCC-4917-841E-691726EB0894}.Debug|x86.ActiveCfg = Debug|Any CPU
		{FC477F23-2BCC-4917-841E-691726EB0894}.Debug|x86.Build.0 = Debug|Any CPU
		{FC477F23-2BCC-4917-841E-691726EB0894}.Release|Any CPU.ActiveCfg = Release|Any CPU
		{FC477F23-2BCC-4917-841E-691726EB0894}.Release|Any CPU.Build.0 = Release|Any CPU
		{FC477F23-2BCC-4917-841E-691726EB0894}.Release|ARM.ActiveCfg = Release|Any CPU
		{FC477F23-2BCC-4917-841E-691726EB0894}.Release|ARM.Build.0 = Release|Any CPU
		{FC477F23-2BCC-4917-841E-691726EB0894}.Release|x64.ActiveCfg = Release|Any CPU
		{FC477F23-2BCC-4917-841E-691726EB0894}.Release|x64.Build.0 = Release|Any CPU
		{FC477F23-2BCC-4917-841E-691726EB0894}.Release|x86.ActiveCfg = Release|Any CPU
		{FC477F23-2BCC-4917-841E-691726EB0894}.Release|x86.Build.0 = Release|Any CPU
		{95CB7257-5CE9-477F-8239-A2B57EAF89AD}.Debug|Any CPU.ActiveCfg = Debug|Any CPU
		{95CB7257-5CE9-477F-8239-A2B57EAF89AD}.Debug|Any CPU.Build.0 = Debug|Any CPU
		{95CB7257-5CE9-477F-8239-A2B57EAF89AD}.Debug|ARM.ActiveCfg = Debug|Any CPU
		{95CB7257-5CE9-477F-8239-A2B57EAF89AD}.Debug|ARM.Build.0 = Debug|Any CPU
		{95CB7257-5CE9-477F-8239-A2B57EAF89AD}.Debug|x64.ActiveCfg = Debug|Any CPU
		{95CB7257-5CE9-477F-8239-A2B57EAF89AD}.Debug|x64.Build.0 = Debug|Any CPU
		{95CB7257-5CE9-477F-8239-A2B57EAF89AD}.Debug|x86.ActiveCfg = Debug|Any CPU
		{95CB7257-5CE9-477F-8239-A2B57EAF89AD}.Debug|x86.Build.0 = Debug|Any CPU
		{95CB7257-5CE9-477F-8239-A2B57EAF89AD}.Release|Any CPU.ActiveCfg = Release|Any CPU
		{95CB7257-5CE9-477F-8239-A2B57EAF89AD}.Release|Any CPU.Build.0 = Release|Any CPU
		{95CB7257-5CE9-477F-8239-A2B57EAF89AD}.Release|ARM.ActiveCfg = Release|Any CPU
		{95CB7257-5CE9-477F-8239-A2B57EAF89AD}.Release|ARM.Build.0 = Release|Any CPU
		{95CB7257-5CE9-477F-8239-A2B57EAF89AD}.Release|x64.ActiveCfg = Release|Any CPU
		{95CB7257-5CE9-477F-8239-A2B57EAF89AD}.Release|x64.Build.0 = Release|Any CPU
		{95CB7257-5CE9-477F-8239-A2B57EAF89AD}.Release|x86.ActiveCfg = Release|Any CPU
		{95CB7257-5CE9-477F-8239-A2B57EAF89AD}.Release|x86.Build.0 = Release|Any CPU
		{89C4BA5C-358B-4095-8FD2-0BAE32C2178E}.Debug|Any CPU.ActiveCfg = Debug|Any CPU
		{89C4BA5C-358B-4095-8FD2-0BAE32C2178E}.Debug|Any CPU.Build.0 = Debug|Any CPU
		{89C4BA5C-358B-4095-8FD2-0BAE32C2178E}.Debug|ARM.ActiveCfg = Debug|Any CPU
		{89C4BA5C-358B-4095-8FD2-0BAE32C2178E}.Debug|ARM.Build.0 = Debug|Any CPU
		{89C4BA5C-358B-4095-8FD2-0BAE32C2178E}.Debug|x64.ActiveCfg = Debug|Any CPU
		{89C4BA5C-358B-4095-8FD2-0BAE32C2178E}.Debug|x64.Build.0 = Debug|Any CPU
		{89C4BA5C-358B-4095-8FD2-0BAE32C2178E}.Debug|x86.ActiveCfg = Debug|Any CPU
		{89C4BA5C-358B-4095-8FD2-0BAE32C2178E}.Debug|x86.Build.0 = Debug|Any CPU
		{89C4BA5C-358B-4095-8FD2-0BAE32C2178E}.Release|Any CPU.ActiveCfg = Release|Any CPU
		{89C4BA5C-358B-4095-8FD2-0BAE32C2178E}.Release|Any CPU.Build.0 = Release|Any CPU
		{89C4BA5C-358B-4095-8FD2-0BAE32C2178E}.Release|ARM.ActiveCfg = Release|Any CPU
		{89C4BA5C-358B-4095-8FD2-0BAE32C2178E}.Release|ARM.Build.0 = Release|Any CPU
		{89C4BA5C-358B-4095-8FD2-0BAE32C2178E}.Release|x64.ActiveCfg = Release|Any CPU
		{89C4BA5C-358B-4095-8FD2-0BAE32C2178E}.Release|x64.Build.0 = Release|Any CPU
		{89C4BA5C-358B-4095-8FD2-0BAE32C2178E}.Release|x86.ActiveCfg = Release|Any CPU
		{89C4BA5C-358B-4095-8FD2-0BAE32C2178E}.Release|x86.Build.0 = Release|Any CPU
		{CEBC603E-59AD-4BD7-839D-CCFE7C0841B1}.Debug|Any CPU.ActiveCfg = Debug|Any CPU
		{CEBC603E-59AD-4BD7-839D-CCFE7C0841B1}.Debug|Any CPU.Build.0 = Debug|Any CPU
		{CEBC603E-59AD-4BD7-839D-CCFE7C0841B1}.Debug|ARM.ActiveCfg = Debug|Any CPU
		{CEBC603E-59AD-4BD7-839D-CCFE7C0841B1}.Debug|ARM.Build.0 = Debug|Any CPU
		{CEBC603E-59AD-4BD7-839D-CCFE7C0841B1}.Debug|x64.ActiveCfg = Debug|Any CPU
		{CEBC603E-59AD-4BD7-839D-CCFE7C0841B1}.Debug|x64.Build.0 = Debug|Any CPU
		{CEBC603E-59AD-4BD7-839D-CCFE7C0841B1}.Debug|x86.ActiveCfg = Debug|Any CPU
		{CEBC603E-59AD-4BD7-839D-CCFE7C0841B1}.Debug|x86.Build.0 = Debug|Any CPU
		{CEBC603E-59AD-4BD7-839D-CCFE7C0841B1}.Release|Any CPU.ActiveCfg = Release|Any CPU
		{CEBC603E-59AD-4BD7-839D-CCFE7C0841B1}.Release|Any CPU.Build.0 = Release|Any CPU
		{CEBC603E-59AD-4BD7-839D-CCFE7C0841B1}.Release|ARM.ActiveCfg = Release|Any CPU
		{CEBC603E-59AD-4BD7-839D-CCFE7C0841B1}.Release|ARM.Build.0 = Release|Any CPU
		{CEBC603E-59AD-4BD7-839D-CCFE7C0841B1}.Release|x64.ActiveCfg = Release|Any CPU
		{CEBC603E-59AD-4BD7-839D-CCFE7C0841B1}.Release|x64.Build.0 = Release|Any CPU
		{CEBC603E-59AD-4BD7-839D-CCFE7C0841B1}.Release|x86.ActiveCfg = Release|Any CPU
		{CEBC603E-59AD-4BD7-839D-CCFE7C0841B1}.Release|x86.Build.0 = Release|Any CPU
		{AFB15952-0DFA-4919-9D4B-46C2737654EC}.Debug|Any CPU.ActiveCfg = Debug|Any CPU
		{AFB15952-0DFA-4919-9D4B-46C2737654EC}.Debug|Any CPU.Build.0 = Debug|Any CPU
		{AFB15952-0DFA-4919-9D4B-46C2737654EC}.Debug|ARM.ActiveCfg = Debug|Any CPU
		{AFB15952-0DFA-4919-9D4B-46C2737654EC}.Debug|ARM.Build.0 = Debug|Any CPU
		{AFB15952-0DFA-4919-9D4B-46C2737654EC}.Debug|x64.ActiveCfg = Debug|Any CPU
		{AFB15952-0DFA-4919-9D4B-46C2737654EC}.Debug|x64.Build.0 = Debug|Any CPU
		{AFB15952-0DFA-4919-9D4B-46C2737654EC}.Debug|x86.ActiveCfg = Debug|Any CPU
		{AFB15952-0DFA-4919-9D4B-46C2737654EC}.Debug|x86.Build.0 = Debug|Any CPU
		{AFB15952-0DFA-4919-9D4B-46C2737654EC}.Release|Any CPU.ActiveCfg = Release|Any CPU
		{AFB15952-0DFA-4919-9D4B-46C2737654EC}.Release|Any CPU.Build.0 = Release|Any CPU
		{AFB15952-0DFA-4919-9D4B-46C2737654EC}.Release|ARM.ActiveCfg = Release|Any CPU
		{AFB15952-0DFA-4919-9D4B-46C2737654EC}.Release|ARM.Build.0 = Release|Any CPU
		{AFB15952-0DFA-4919-9D4B-46C2737654EC}.Release|x64.ActiveCfg = Release|Any CPU
		{AFB15952-0DFA-4919-9D4B-46C2737654EC}.Release|x64.Build.0 = Release|Any CPU
		{AFB15952-0DFA-4919-9D4B-46C2737654EC}.Release|x86.ActiveCfg = Release|Any CPU
		{AFB15952-0DFA-4919-9D4B-46C2737654EC}.Release|x86.Build.0 = Release|Any CPU
		{AE46BF97-14FA-48E5-BC3D-3E0DB4B75CCA}.Debug|Any CPU.ActiveCfg = Debug|Any CPU
		{AE46BF97-14FA-48E5-BC3D-3E0DB4B75CCA}.Debug|Any CPU.Build.0 = Debug|Any CPU
		{AE46BF97-14FA-48E5-BC3D-3E0DB4B75CCA}.Debug|ARM.ActiveCfg = Debug|Any CPU
		{AE46BF97-14FA-48E5-BC3D-3E0DB4B75CCA}.Debug|ARM.Build.0 = Debug|Any CPU
		{AE46BF97-14FA-48E5-BC3D-3E0DB4B75CCA}.Debug|x64.ActiveCfg = Debug|Any CPU
		{AE46BF97-14FA-48E5-BC3D-3E0DB4B75CCA}.Debug|x64.Build.0 = Debug|Any CPU
		{AE46BF97-14FA-48E5-BC3D-3E0DB4B75CCA}.Debug|x86.ActiveCfg = Debug|Any CPU
		{AE46BF97-14FA-48E5-BC3D-3E0DB4B75CCA}.Debug|x86.Build.0 = Debug|Any CPU
		{AE46BF97-14FA-48E5-BC3D-3E0DB4B75CCA}.Release|Any CPU.ActiveCfg = Release|Any CPU
		{AE46BF97-14FA-48E5-BC3D-3E0DB4B75CCA}.Release|Any CPU.Build.0 = Release|Any CPU
		{AE46BF97-14FA-48E5-BC3D-3E0DB4B75CCA}.Release|ARM.ActiveCfg = Release|Any CPU
		{AE46BF97-14FA-48E5-BC3D-3E0DB4B75CCA}.Release|ARM.Build.0 = Release|Any CPU
		{AE46BF97-14FA-48E5-BC3D-3E0DB4B75CCA}.Release|x64.ActiveCfg = Release|Any CPU
		{AE46BF97-14FA-48E5-BC3D-3E0DB4B75CCA}.Release|x64.Build.0 = Release|Any CPU
		{AE46BF97-14FA-48E5-BC3D-3E0DB4B75CCA}.Release|x86.ActiveCfg = Release|Any CPU
		{AE46BF97-14FA-48E5-BC3D-3E0DB4B75CCA}.Release|x86.Build.0 = Release|Any CPU
		{B0B25074-7036-467E-B95D-FA55A7CC0517}.Debug|Any CPU.ActiveCfg = Debug|Any CPU
		{B0B25074-7036-467E-B95D-FA55A7CC0517}.Debug|Any CPU.Build.0 = Debug|Any CPU
		{B0B25074-7036-467E-B95D-FA55A7CC0517}.Debug|ARM.ActiveCfg = Debug|Any CPU
		{B0B25074-7036-467E-B95D-FA55A7CC0517}.Debug|ARM.Build.0 = Debug|Any CPU
		{B0B25074-7036-467E-B95D-FA55A7CC0517}.Debug|x64.ActiveCfg = Debug|Any CPU
		{B0B25074-7036-467E-B95D-FA55A7CC0517}.Debug|x64.Build.0 = Debug|Any CPU
		{B0B25074-7036-467E-B95D-FA55A7CC0517}.Debug|x86.ActiveCfg = Debug|Any CPU
		{B0B25074-7036-467E-B95D-FA55A7CC0517}.Debug|x86.Build.0 = Debug|Any CPU
		{B0B25074-7036-467E-B95D-FA55A7CC0517}.Release|Any CPU.ActiveCfg = Release|Any CPU
		{B0B25074-7036-467E-B95D-FA55A7CC0517}.Release|Any CPU.Build.0 = Release|Any CPU
		{B0B25074-7036-467E-B95D-FA55A7CC0517}.Release|ARM.ActiveCfg = Release|Any CPU
		{B0B25074-7036-467E-B95D-FA55A7CC0517}.Release|ARM.Build.0 = Release|Any CPU
		{B0B25074-7036-467E-B95D-FA55A7CC0517}.Release|x64.ActiveCfg = Release|Any CPU
		{B0B25074-7036-467E-B95D-FA55A7CC0517}.Release|x64.Build.0 = Release|Any CPU
		{B0B25074-7036-467E-B95D-FA55A7CC0517}.Release|x86.ActiveCfg = Release|Any CPU
		{B0B25074-7036-467E-B95D-FA55A7CC0517}.Release|x86.Build.0 = Release|Any CPU
		{0AC16E96-E932-4147-A09E-10931565750E}.Debug|Any CPU.ActiveCfg = Debug|Any CPU
		{0AC16E96-E932-4147-A09E-10931565750E}.Debug|Any CPU.Build.0 = Debug|Any CPU
		{0AC16E96-E932-4147-A09E-10931565750E}.Debug|ARM.ActiveCfg = Debug|Any CPU
		{0AC16E96-E932-4147-A09E-10931565750E}.Debug|ARM.Build.0 = Debug|Any CPU
		{0AC16E96-E932-4147-A09E-10931565750E}.Debug|x64.ActiveCfg = Debug|Any CPU
		{0AC16E96-E932-4147-A09E-10931565750E}.Debug|x64.Build.0 = Debug|Any CPU
		{0AC16E96-E932-4147-A09E-10931565750E}.Debug|x86.ActiveCfg = Debug|Any CPU
		{0AC16E96-E932-4147-A09E-10931565750E}.Debug|x86.Build.0 = Debug|Any CPU
		{0AC16E96-E932-4147-A09E-10931565750E}.Release|Any CPU.ActiveCfg = Release|Any CPU
		{0AC16E96-E932-4147-A09E-10931565750E}.Release|Any CPU.Build.0 = Release|Any CPU
		{0AC16E96-E932-4147-A09E-10931565750E}.Release|ARM.ActiveCfg = Release|Any CPU
		{0AC16E96-E932-4147-A09E-10931565750E}.Release|ARM.Build.0 = Release|Any CPU
		{0AC16E96-E932-4147-A09E-10931565750E}.Release|x64.ActiveCfg = Release|Any CPU
		{0AC16E96-E932-4147-A09E-10931565750E}.Release|x64.Build.0 = Release|Any CPU
		{0AC16E96-E932-4147-A09E-10931565750E}.Release|x86.ActiveCfg = Release|Any CPU
		{0AC16E96-E932-4147-A09E-10931565750E}.Release|x86.Build.0 = Release|Any CPU
		{F8D7C65E-0DDC-4F10-82B2-D01CADB2D643}.Debug|Any CPU.ActiveCfg = Debug|Any CPU
		{F8D7C65E-0DDC-4F10-82B2-D01CADB2D643}.Debug|Any CPU.Build.0 = Debug|Any CPU
		{F8D7C65E-0DDC-4F10-82B2-D01CADB2D643}.Debug|ARM.ActiveCfg = Debug|Any CPU
		{F8D7C65E-0DDC-4F10-82B2-D01CADB2D643}.Debug|ARM.Build.0 = Debug|Any CPU
		{F8D7C65E-0DDC-4F10-82B2-D01CADB2D643}.Debug|x64.ActiveCfg = Debug|Any CPU
		{F8D7C65E-0DDC-4F10-82B2-D01CADB2D643}.Debug|x64.Build.0 = Debug|Any CPU
		{F8D7C65E-0DDC-4F10-82B2-D01CADB2D643}.Debug|x86.ActiveCfg = Debug|Any CPU
		{F8D7C65E-0DDC-4F10-82B2-D01CADB2D643}.Debug|x86.Build.0 = Debug|Any CPU
		{F8D7C65E-0DDC-4F10-82B2-D01CADB2D643}.Release|Any CPU.ActiveCfg = Release|Any CPU
		{F8D7C65E-0DDC-4F10-82B2-D01CADB2D643}.Release|Any CPU.Build.0 = Release|Any CPU
		{F8D7C65E-0DDC-4F10-82B2-D01CADB2D643}.Release|ARM.ActiveCfg = Release|Any CPU
		{F8D7C65E-0DDC-4F10-82B2-D01CADB2D643}.Release|ARM.Build.0 = Release|Any CPU
		{F8D7C65E-0DDC-4F10-82B2-D01CADB2D643}.Release|x64.ActiveCfg = Release|Any CPU
		{F8D7C65E-0DDC-4F10-82B2-D01CADB2D643}.Release|x64.Build.0 = Release|Any CPU
		{F8D7C65E-0DDC-4F10-82B2-D01CADB2D643}.Release|x86.ActiveCfg = Release|Any CPU
		{F8D7C65E-0DDC-4F10-82B2-D01CADB2D643}.Release|x86.Build.0 = Release|Any CPU
		{42E35589-2247-4ADF-827F-99F93C3ED373}.Debug|Any CPU.ActiveCfg = Debug|Any CPU
		{42E35589-2247-4ADF-827F-99F93C3ED373}.Debug|Any CPU.Build.0 = Debug|Any CPU
		{42E35589-2247-4ADF-827F-99F93C3ED373}.Debug|ARM.ActiveCfg = Debug|Any CPU
		{42E35589-2247-4ADF-827F-99F93C3ED373}.Debug|ARM.Build.0 = Debug|Any CPU
		{42E35589-2247-4ADF-827F-99F93C3ED373}.Debug|x64.ActiveCfg = Debug|Any CPU
		{42E35589-2247-4ADF-827F-99F93C3ED373}.Debug|x64.Build.0 = Debug|Any CPU
		{42E35589-2247-4ADF-827F-99F93C3ED373}.Debug|x86.ActiveCfg = Debug|Any CPU
		{42E35589-2247-4ADF-827F-99F93C3ED373}.Debug|x86.Build.0 = Debug|Any CPU
		{42E35589-2247-4ADF-827F-99F93C3ED373}.Release|Any CPU.ActiveCfg = Release|Any CPU
		{42E35589-2247-4ADF-827F-99F93C3ED373}.Release|Any CPU.Build.0 = Release|Any CPU
		{42E35589-2247-4ADF-827F-99F93C3ED373}.Release|ARM.ActiveCfg = Release|Any CPU
		{42E35589-2247-4ADF-827F-99F93C3ED373}.Release|ARM.Build.0 = Release|Any CPU
		{42E35589-2247-4ADF-827F-99F93C3ED373}.Release|x64.ActiveCfg = Release|Any CPU
		{42E35589-2247-4ADF-827F-99F93C3ED373}.Release|x64.Build.0 = Release|Any CPU
		{42E35589-2247-4ADF-827F-99F93C3ED373}.Release|x86.ActiveCfg = Release|Any CPU
		{42E35589-2247-4ADF-827F-99F93C3ED373}.Release|x86.Build.0 = Release|Any CPU
		{C1C0F47A-ACF5-49E9-8BAA-424FFA9645C5}.Debug|Any CPU.ActiveCfg = Debug|Any CPU
		{C1C0F47A-ACF5-49E9-8BAA-424FFA9645C5}.Debug|Any CPU.Build.0 = Debug|Any CPU
		{C1C0F47A-ACF5-49E9-8BAA-424FFA9645C5}.Debug|ARM.ActiveCfg = Debug|Any CPU
		{C1C0F47A-ACF5-49E9-8BAA-424FFA9645C5}.Debug|ARM.Build.0 = Debug|Any CPU
		{C1C0F47A-ACF5-49E9-8BAA-424FFA9645C5}.Debug|x64.ActiveCfg = Debug|Any CPU
		{C1C0F47A-ACF5-49E9-8BAA-424FFA9645C5}.Debug|x64.Build.0 = Debug|Any CPU
		{C1C0F47A-ACF5-49E9-8BAA-424FFA9645C5}.Debug|x86.ActiveCfg = Debug|Any CPU
		{C1C0F47A-ACF5-49E9-8BAA-424FFA9645C5}.Debug|x86.Build.0 = Debug|Any CPU
		{C1C0F47A-ACF5-49E9-8BAA-424FFA9645C5}.Release|Any CPU.ActiveCfg = Release|Any CPU
		{C1C0F47A-ACF5-49E9-8BAA-424FFA9645C5}.Release|Any CPU.Build.0 = Release|Any CPU
		{C1C0F47A-ACF5-49E9-8BAA-424FFA9645C5}.Release|ARM.ActiveCfg = Release|Any CPU
		{C1C0F47A-ACF5-49E9-8BAA-424FFA9645C5}.Release|ARM.Build.0 = Release|Any CPU
		{C1C0F47A-ACF5-49E9-8BAA-424FFA9645C5}.Release|x64.ActiveCfg = Release|Any CPU
		{C1C0F47A-ACF5-49E9-8BAA-424FFA9645C5}.Release|x64.Build.0 = Release|Any CPU
		{C1C0F47A-ACF5-49E9-8BAA-424FFA9645C5}.Release|x86.ActiveCfg = Release|Any CPU
		{C1C0F47A-ACF5-49E9-8BAA-424FFA9645C5}.Release|x86.Build.0 = Release|Any CPU
		{82A286BD-C005-4BB6-8192-5EF7622E9094}.Debug|Any CPU.ActiveCfg = Debug|Any CPU
		{82A286BD-C005-4BB6-8192-5EF7622E9094}.Debug|Any CPU.Build.0 = Debug|Any CPU
		{82A286BD-C005-4BB6-8192-5EF7622E9094}.Debug|ARM.ActiveCfg = Debug|Any CPU
		{82A286BD-C005-4BB6-8192-5EF7622E9094}.Debug|ARM.Build.0 = Debug|Any CPU
		{82A286BD-C005-4BB6-8192-5EF7622E9094}.Debug|x64.ActiveCfg = Debug|Any CPU
		{82A286BD-C005-4BB6-8192-5EF7622E9094}.Debug|x64.Build.0 = Debug|Any CPU
		{82A286BD-C005-4BB6-8192-5EF7622E9094}.Debug|x86.ActiveCfg = Debug|Any CPU
		{82A286BD-C005-4BB6-8192-5EF7622E9094}.Debug|x86.Build.0 = Debug|Any CPU
		{82A286BD-C005-4BB6-8192-5EF7622E9094}.Release|Any CPU.ActiveCfg = Release|Any CPU
		{82A286BD-C005-4BB6-8192-5EF7622E9094}.Release|Any CPU.Build.0 = Release|Any CPU
		{82A286BD-C005-4BB6-8192-5EF7622E9094}.Release|ARM.ActiveCfg = Release|Any CPU
		{82A286BD-C005-4BB6-8192-5EF7622E9094}.Release|ARM.Build.0 = Release|Any CPU
		{82A286BD-C005-4BB6-8192-5EF7622E9094}.Release|x64.ActiveCfg = Release|Any CPU
		{82A286BD-C005-4BB6-8192-5EF7622E9094}.Release|x64.Build.0 = Release|Any CPU
		{82A286BD-C005-4BB6-8192-5EF7622E9094}.Release|x86.ActiveCfg = Release|Any CPU
		{82A286BD-C005-4BB6-8192-5EF7622E9094}.Release|x86.Build.0 = Release|Any CPU
		{33171CCD-153D-4995-AD31-938E53DEC744}.Debug|Any CPU.ActiveCfg = Debug|Any CPU
		{33171CCD-153D-4995-AD31-938E53DEC744}.Debug|Any CPU.Build.0 = Debug|Any CPU
		{33171CCD-153D-4995-AD31-938E53DEC744}.Debug|ARM.ActiveCfg = Debug|Any CPU
		{33171CCD-153D-4995-AD31-938E53DEC744}.Debug|ARM.Build.0 = Debug|Any CPU
		{33171CCD-153D-4995-AD31-938E53DEC744}.Debug|x64.ActiveCfg = Debug|Any CPU
		{33171CCD-153D-4995-AD31-938E53DEC744}.Debug|x64.Build.0 = Debug|Any CPU
		{33171CCD-153D-4995-AD31-938E53DEC744}.Debug|x86.ActiveCfg = Debug|Any CPU
		{33171CCD-153D-4995-AD31-938E53DEC744}.Debug|x86.Build.0 = Debug|Any CPU
		{33171CCD-153D-4995-AD31-938E53DEC744}.Release|Any CPU.ActiveCfg = Release|Any CPU
		{33171CCD-153D-4995-AD31-938E53DEC744}.Release|Any CPU.Build.0 = Release|Any CPU
		{33171CCD-153D-4995-AD31-938E53DEC744}.Release|ARM.ActiveCfg = Release|Any CPU
		{33171CCD-153D-4995-AD31-938E53DEC744}.Release|ARM.Build.0 = Release|Any CPU
		{33171CCD-153D-4995-AD31-938E53DEC744}.Release|x64.ActiveCfg = Release|Any CPU
		{33171CCD-153D-4995-AD31-938E53DEC744}.Release|x64.Build.0 = Release|Any CPU
		{33171CCD-153D-4995-AD31-938E53DEC744}.Release|x86.ActiveCfg = Release|Any CPU
		{33171CCD-153D-4995-AD31-938E53DEC744}.Release|x86.Build.0 = Release|Any CPU
		{2D36C6E9-1801-4EF5-941B-AA02306C6F9A}.Debug|Any CPU.ActiveCfg = Debug|Any CPU
		{2D36C6E9-1801-4EF5-941B-AA02306C6F9A}.Debug|Any CPU.Build.0 = Debug|Any CPU
		{2D36C6E9-1801-4EF5-941B-AA02306C6F9A}.Debug|ARM.ActiveCfg = Debug|Any CPU
		{2D36C6E9-1801-4EF5-941B-AA02306C6F9A}.Debug|ARM.Build.0 = Debug|Any CPU
		{2D36C6E9-1801-4EF5-941B-AA02306C6F9A}.Debug|x64.ActiveCfg = Debug|Any CPU
		{2D36C6E9-1801-4EF5-941B-AA02306C6F9A}.Debug|x64.Build.0 = Debug|Any CPU
		{2D36C6E9-1801-4EF5-941B-AA02306C6F9A}.Debug|x86.ActiveCfg = Debug|Any CPU
		{2D36C6E9-1801-4EF5-941B-AA02306C6F9A}.Debug|x86.Build.0 = Debug|Any CPU
		{2D36C6E9-1801-4EF5-941B-AA02306C6F9A}.Release|Any CPU.ActiveCfg = Release|Any CPU
		{2D36C6E9-1801-4EF5-941B-AA02306C6F9A}.Release|Any CPU.Build.0 = Release|Any CPU
		{2D36C6E9-1801-4EF5-941B-AA02306C6F9A}.Release|ARM.ActiveCfg = Release|Any CPU
		{2D36C6E9-1801-4EF5-941B-AA02306C6F9A}.Release|ARM.Build.0 = Release|Any CPU
		{2D36C6E9-1801-4EF5-941B-AA02306C6F9A}.Release|x64.ActiveCfg = Release|Any CPU
		{2D36C6E9-1801-4EF5-941B-AA02306C6F9A}.Release|x64.Build.0 = Release|Any CPU
		{2D36C6E9-1801-4EF5-941B-AA02306C6F9A}.Release|x86.ActiveCfg = Release|Any CPU
		{2D36C6E9-1801-4EF5-941B-AA02306C6F9A}.Release|x86.Build.0 = Release|Any CPU
		{54E96BE4-723E-46B2-8C7D-873A87004E23}.Debug|Any CPU.ActiveCfg = Debug|Any CPU
		{54E96BE4-723E-46B2-8C7D-873A87004E23}.Debug|Any CPU.Build.0 = Debug|Any CPU
		{54E96BE4-723E-46B2-8C7D-873A87004E23}.Debug|ARM.ActiveCfg = Debug|Any CPU
		{54E96BE4-723E-46B2-8C7D-873A87004E23}.Debug|ARM.Build.0 = Debug|Any CPU
		{54E96BE4-723E-46B2-8C7D-873A87004E23}.Debug|x64.ActiveCfg = Debug|Any CPU
		{54E96BE4-723E-46B2-8C7D-873A87004E23}.Debug|x64.Build.0 = Debug|Any CPU
		{54E96BE4-723E-46B2-8C7D-873A87004E23}.Debug|x86.ActiveCfg = Debug|Any CPU
		{54E96BE4-723E-46B2-8C7D-873A87004E23}.Debug|x86.Build.0 = Debug|Any CPU
		{54E96BE4-723E-46B2-8C7D-873A87004E23}.Release|Any CPU.ActiveCfg = Release|Any CPU
		{54E96BE4-723E-46B2-8C7D-873A87004E23}.Release|Any CPU.Build.0 = Release|Any CPU
		{54E96BE4-723E-46B2-8C7D-873A87004E23}.Release|ARM.ActiveCfg = Release|Any CPU
		{54E96BE4-723E-46B2-8C7D-873A87004E23}.Release|ARM.Build.0 = Release|Any CPU
		{54E96BE4-723E-46B2-8C7D-873A87004E23}.Release|x64.ActiveCfg = Release|Any CPU
		{54E96BE4-723E-46B2-8C7D-873A87004E23}.Release|x64.Build.0 = Release|Any CPU
		{54E96BE4-723E-46B2-8C7D-873A87004E23}.Release|x86.ActiveCfg = Release|Any CPU
		{54E96BE4-723E-46B2-8C7D-873A87004E23}.Release|x86.Build.0 = Release|Any CPU
		{9E39336D-70AB-4B6B-AE07-32E3AE1CE342}.Debug|Any CPU.ActiveCfg = Debug|Any CPU
		{9E39336D-70AB-4B6B-AE07-32E3AE1CE342}.Debug|Any CPU.Build.0 = Debug|Any CPU
		{9E39336D-70AB-4B6B-AE07-32E3AE1CE342}.Debug|ARM.ActiveCfg = Debug|Any CPU
		{9E39336D-70AB-4B6B-AE07-32E3AE1CE342}.Debug|ARM.Build.0 = Debug|Any CPU
		{9E39336D-70AB-4B6B-AE07-32E3AE1CE342}.Debug|x64.ActiveCfg = Debug|Any CPU
		{9E39336D-70AB-4B6B-AE07-32E3AE1CE342}.Debug|x64.Build.0 = Debug|Any CPU
		{9E39336D-70AB-4B6B-AE07-32E3AE1CE342}.Debug|x86.ActiveCfg = Debug|Any CPU
		{9E39336D-70AB-4B6B-AE07-32E3AE1CE342}.Debug|x86.Build.0 = Debug|Any CPU
		{9E39336D-70AB-4B6B-AE07-32E3AE1CE342}.Release|Any CPU.ActiveCfg = Release|Any CPU
		{9E39336D-70AB-4B6B-AE07-32E3AE1CE342}.Release|Any CPU.Build.0 = Release|Any CPU
		{9E39336D-70AB-4B6B-AE07-32E3AE1CE342}.Release|ARM.ActiveCfg = Release|Any CPU
		{9E39336D-70AB-4B6B-AE07-32E3AE1CE342}.Release|ARM.Build.0 = Release|Any CPU
		{9E39336D-70AB-4B6B-AE07-32E3AE1CE342}.Release|x64.ActiveCfg = Release|Any CPU
		{9E39336D-70AB-4B6B-AE07-32E3AE1CE342}.Release|x64.Build.0 = Release|Any CPU
		{9E39336D-70AB-4B6B-AE07-32E3AE1CE342}.Release|x86.ActiveCfg = Release|Any CPU
		{9E39336D-70AB-4B6B-AE07-32E3AE1CE342}.Release|x86.Build.0 = Release|Any CPU
		{FFCC2280-289C-441E-B126-6215493F0DCF}.Debug|Any CPU.ActiveCfg = Debug|Any CPU
		{FFCC2280-289C-441E-B126-6215493F0DCF}.Debug|Any CPU.Build.0 = Debug|Any CPU
		{FFCC2280-289C-441E-B126-6215493F0DCF}.Debug|ARM.ActiveCfg = Debug|Any CPU
		{FFCC2280-289C-441E-B126-6215493F0DCF}.Debug|ARM.Build.0 = Debug|Any CPU
		{FFCC2280-289C-441E-B126-6215493F0DCF}.Debug|x64.ActiveCfg = Debug|Any CPU
		{FFCC2280-289C-441E-B126-6215493F0DCF}.Debug|x64.Build.0 = Debug|Any CPU
		{FFCC2280-289C-441E-B126-6215493F0DCF}.Debug|x86.ActiveCfg = Debug|Any CPU
		{FFCC2280-289C-441E-B126-6215493F0DCF}.Debug|x86.Build.0 = Debug|Any CPU
		{FFCC2280-289C-441E-B126-6215493F0DCF}.Release|Any CPU.ActiveCfg = Release|Any CPU
		{FFCC2280-289C-441E-B126-6215493F0DCF}.Release|Any CPU.Build.0 = Release|Any CPU
		{FFCC2280-289C-441E-B126-6215493F0DCF}.Release|ARM.ActiveCfg = Release|Any CPU
		{FFCC2280-289C-441E-B126-6215493F0DCF}.Release|ARM.Build.0 = Release|Any CPU
		{FFCC2280-289C-441E-B126-6215493F0DCF}.Release|x64.ActiveCfg = Release|Any CPU
		{FFCC2280-289C-441E-B126-6215493F0DCF}.Release|x64.Build.0 = Release|Any CPU
		{FFCC2280-289C-441E-B126-6215493F0DCF}.Release|x86.ActiveCfg = Release|Any CPU
		{FFCC2280-289C-441E-B126-6215493F0DCF}.Release|x86.Build.0 = Release|Any CPU
		{03291FCD-A5EB-4170-95EB-C9A96972138C}.Debug|Any CPU.ActiveCfg = Debug|Any CPU
		{03291FCD-A5EB-4170-95EB-C9A96972138C}.Debug|Any CPU.Build.0 = Debug|Any CPU
		{03291FCD-A5EB-4170-95EB-C9A96972138C}.Debug|ARM.ActiveCfg = Debug|Any CPU
		{03291FCD-A5EB-4170-95EB-C9A96972138C}.Debug|ARM.Build.0 = Debug|Any CPU
		{03291FCD-A5EB-4170-95EB-C9A96972138C}.Debug|x64.ActiveCfg = Debug|Any CPU
		{03291FCD-A5EB-4170-95EB-C9A96972138C}.Debug|x64.Build.0 = Debug|Any CPU
		{03291FCD-A5EB-4170-95EB-C9A96972138C}.Debug|x86.ActiveCfg = Debug|Any CPU
		{03291FCD-A5EB-4170-95EB-C9A96972138C}.Debug|x86.Build.0 = Debug|Any CPU
		{03291FCD-A5EB-4170-95EB-C9A96972138C}.Release|Any CPU.ActiveCfg = Release|Any CPU
		{03291FCD-A5EB-4170-95EB-C9A96972138C}.Release|Any CPU.Build.0 = Release|Any CPU
		{03291FCD-A5EB-4170-95EB-C9A96972138C}.Release|ARM.ActiveCfg = Release|Any CPU
		{03291FCD-A5EB-4170-95EB-C9A96972138C}.Release|ARM.Build.0 = Release|Any CPU
		{03291FCD-A5EB-4170-95EB-C9A96972138C}.Release|x64.ActiveCfg = Release|Any CPU
		{03291FCD-A5EB-4170-95EB-C9A96972138C}.Release|x64.Build.0 = Release|Any CPU
		{03291FCD-A5EB-4170-95EB-C9A96972138C}.Release|x86.ActiveCfg = Release|Any CPU
		{03291FCD-A5EB-4170-95EB-C9A96972138C}.Release|x86.Build.0 = Release|Any CPU
		{12F5781D-1C33-4DC7-844B-6FA75210B5DE}.Debug|Any CPU.ActiveCfg = Debug|Any CPU
		{12F5781D-1C33-4DC7-844B-6FA75210B5DE}.Debug|Any CPU.Build.0 = Debug|Any CPU
		{12F5781D-1C33-4DC7-844B-6FA75210B5DE}.Debug|ARM.ActiveCfg = Debug|Any CPU
		{12F5781D-1C33-4DC7-844B-6FA75210B5DE}.Debug|ARM.Build.0 = Debug|Any CPU
		{12F5781D-1C33-4DC7-844B-6FA75210B5DE}.Debug|x64.ActiveCfg = Debug|Any CPU
		{12F5781D-1C33-4DC7-844B-6FA75210B5DE}.Debug|x64.Build.0 = Debug|Any CPU
		{12F5781D-1C33-4DC7-844B-6FA75210B5DE}.Debug|x86.ActiveCfg = Debug|Any CPU
		{12F5781D-1C33-4DC7-844B-6FA75210B5DE}.Debug|x86.Build.0 = Debug|Any CPU
		{12F5781D-1C33-4DC7-844B-6FA75210B5DE}.Release|Any CPU.ActiveCfg = Release|Any CPU
		{12F5781D-1C33-4DC7-844B-6FA75210B5DE}.Release|Any CPU.Build.0 = Release|Any CPU
		{12F5781D-1C33-4DC7-844B-6FA75210B5DE}.Release|ARM.ActiveCfg = Release|Any CPU
		{12F5781D-1C33-4DC7-844B-6FA75210B5DE}.Release|ARM.Build.0 = Release|Any CPU
		{12F5781D-1C33-4DC7-844B-6FA75210B5DE}.Release|x64.ActiveCfg = Release|Any CPU
		{12F5781D-1C33-4DC7-844B-6FA75210B5DE}.Release|x64.Build.0 = Release|Any CPU
		{12F5781D-1C33-4DC7-844B-6FA75210B5DE}.Release|x86.ActiveCfg = Release|Any CPU
		{12F5781D-1C33-4DC7-844B-6FA75210B5DE}.Release|x86.Build.0 = Release|Any CPU
		{213FC1E8-7770-49B7-96D3-B8AFBF6808B1}.Debug|Any CPU.ActiveCfg = Debug|Any CPU
		{213FC1E8-7770-49B7-96D3-B8AFBF6808B1}.Debug|Any CPU.Build.0 = Debug|Any CPU
		{213FC1E8-7770-49B7-96D3-B8AFBF6808B1}.Debug|ARM.ActiveCfg = Debug|Any CPU
		{213FC1E8-7770-49B7-96D3-B8AFBF6808B1}.Debug|ARM.Build.0 = Debug|Any CPU
		{213FC1E8-7770-49B7-96D3-B8AFBF6808B1}.Debug|x64.ActiveCfg = Debug|Any CPU
		{213FC1E8-7770-49B7-96D3-B8AFBF6808B1}.Debug|x64.Build.0 = Debug|Any CPU
		{213FC1E8-7770-49B7-96D3-B8AFBF6808B1}.Debug|x86.ActiveCfg = Debug|Any CPU
		{213FC1E8-7770-49B7-96D3-B8AFBF6808B1}.Debug|x86.Build.0 = Debug|Any CPU
		{213FC1E8-7770-49B7-96D3-B8AFBF6808B1}.Release|Any CPU.ActiveCfg = Release|Any CPU
		{213FC1E8-7770-49B7-96D3-B8AFBF6808B1}.Release|Any CPU.Build.0 = Release|Any CPU
		{213FC1E8-7770-49B7-96D3-B8AFBF6808B1}.Release|ARM.ActiveCfg = Release|Any CPU
		{213FC1E8-7770-49B7-96D3-B8AFBF6808B1}.Release|ARM.Build.0 = Release|Any CPU
		{213FC1E8-7770-49B7-96D3-B8AFBF6808B1}.Release|x64.ActiveCfg = Release|Any CPU
		{213FC1E8-7770-49B7-96D3-B8AFBF6808B1}.Release|x64.Build.0 = Release|Any CPU
		{213FC1E8-7770-49B7-96D3-B8AFBF6808B1}.Release|x86.ActiveCfg = Release|Any CPU
		{213FC1E8-7770-49B7-96D3-B8AFBF6808B1}.Release|x86.Build.0 = Release|Any CPU
		{15F833EE-FE91-417D-97A3-1818D5338A24}.Debug|Any CPU.ActiveCfg = Debug|Any CPU
		{15F833EE-FE91-417D-97A3-1818D5338A24}.Debug|Any CPU.Build.0 = Debug|Any CPU
		{15F833EE-FE91-417D-97A3-1818D5338A24}.Debug|ARM.ActiveCfg = Debug|Any CPU
		{15F833EE-FE91-417D-97A3-1818D5338A24}.Debug|ARM.Build.0 = Debug|Any CPU
		{15F833EE-FE91-417D-97A3-1818D5338A24}.Debug|x64.ActiveCfg = Debug|Any CPU
		{15F833EE-FE91-417D-97A3-1818D5338A24}.Debug|x64.Build.0 = Debug|Any CPU
		{15F833EE-FE91-417D-97A3-1818D5338A24}.Debug|x86.ActiveCfg = Debug|Any CPU
		{15F833EE-FE91-417D-97A3-1818D5338A24}.Debug|x86.Build.0 = Debug|Any CPU
		{15F833EE-FE91-417D-97A3-1818D5338A24}.Release|Any CPU.ActiveCfg = Release|Any CPU
		{15F833EE-FE91-417D-97A3-1818D5338A24}.Release|Any CPU.Build.0 = Release|Any CPU
		{15F833EE-FE91-417D-97A3-1818D5338A24}.Release|ARM.ActiveCfg = Release|Any CPU
		{15F833EE-FE91-417D-97A3-1818D5338A24}.Release|ARM.Build.0 = Release|Any CPU
		{15F833EE-FE91-417D-97A3-1818D5338A24}.Release|x64.ActiveCfg = Release|Any CPU
		{15F833EE-FE91-417D-97A3-1818D5338A24}.Release|x64.Build.0 = Release|Any CPU
		{15F833EE-FE91-417D-97A3-1818D5338A24}.Release|x86.ActiveCfg = Release|Any CPU
		{15F833EE-FE91-417D-97A3-1818D5338A24}.Release|x86.Build.0 = Release|Any CPU
		{303E7FFC-F14F-4D00-A424-A751297E23B0}.Debug|Any CPU.ActiveCfg = Debug|Any CPU
		{303E7FFC-F14F-4D00-A424-A751297E23B0}.Debug|Any CPU.Build.0 = Debug|Any CPU
		{303E7FFC-F14F-4D00-A424-A751297E23B0}.Debug|ARM.ActiveCfg = Debug|Any CPU
		{303E7FFC-F14F-4D00-A424-A751297E23B0}.Debug|ARM.Build.0 = Debug|Any CPU
		{303E7FFC-F14F-4D00-A424-A751297E23B0}.Debug|x64.ActiveCfg = Debug|Any CPU
		{303E7FFC-F14F-4D00-A424-A751297E23B0}.Debug|x64.Build.0 = Debug|Any CPU
		{303E7FFC-F14F-4D00-A424-A751297E23B0}.Debug|x86.ActiveCfg = Debug|Any CPU
		{303E7FFC-F14F-4D00-A424-A751297E23B0}.Debug|x86.Build.0 = Debug|Any CPU
		{303E7FFC-F14F-4D00-A424-A751297E23B0}.Release|Any CPU.ActiveCfg = Release|Any CPU
		{303E7FFC-F14F-4D00-A424-A751297E23B0}.Release|Any CPU.Build.0 = Release|Any CPU
		{303E7FFC-F14F-4D00-A424-A751297E23B0}.Release|ARM.ActiveCfg = Release|Any CPU
		{303E7FFC-F14F-4D00-A424-A751297E23B0}.Release|ARM.Build.0 = Release|Any CPU
		{303E7FFC-F14F-4D00-A424-A751297E23B0}.Release|x64.ActiveCfg = Release|Any CPU
		{303E7FFC-F14F-4D00-A424-A751297E23B0}.Release|x64.Build.0 = Release|Any CPU
		{303E7FFC-F14F-4D00-A424-A751297E23B0}.Release|x86.ActiveCfg = Release|Any CPU
		{303E7FFC-F14F-4D00-A424-A751297E23B0}.Release|x86.Build.0 = Release|Any CPU
		{81BBEE8D-C161-4E24-BA2B-5E81230D8C19}.Debug|Any CPU.ActiveCfg = Debug|Any CPU
		{81BBEE8D-C161-4E24-BA2B-5E81230D8C19}.Debug|Any CPU.Build.0 = Debug|Any CPU
		{81BBEE8D-C161-4E24-BA2B-5E81230D8C19}.Debug|ARM.ActiveCfg = Debug|Any CPU
		{81BBEE8D-C161-4E24-BA2B-5E81230D8C19}.Debug|ARM.Build.0 = Debug|Any CPU
		{81BBEE8D-C161-4E24-BA2B-5E81230D8C19}.Debug|x64.ActiveCfg = Debug|Any CPU
		{81BBEE8D-C161-4E24-BA2B-5E81230D8C19}.Debug|x64.Build.0 = Debug|Any CPU
		{81BBEE8D-C161-4E24-BA2B-5E81230D8C19}.Debug|x86.ActiveCfg = Debug|Any CPU
		{81BBEE8D-C161-4E24-BA2B-5E81230D8C19}.Debug|x86.Build.0 = Debug|Any CPU
		{81BBEE8D-C161-4E24-BA2B-5E81230D8C19}.Release|Any CPU.ActiveCfg = Release|Any CPU
		{81BBEE8D-C161-4E24-BA2B-5E81230D8C19}.Release|Any CPU.Build.0 = Release|Any CPU
		{81BBEE8D-C161-4E24-BA2B-5E81230D8C19}.Release|ARM.ActiveCfg = Release|Any CPU
		{81BBEE8D-C161-4E24-BA2B-5E81230D8C19}.Release|ARM.Build.0 = Release|Any CPU
		{81BBEE8D-C161-4E24-BA2B-5E81230D8C19}.Release|x64.ActiveCfg = Release|Any CPU
		{81BBEE8D-C161-4E24-BA2B-5E81230D8C19}.Release|x64.Build.0 = Release|Any CPU
		{81BBEE8D-C161-4E24-BA2B-5E81230D8C19}.Release|x86.ActiveCfg = Release|Any CPU
		{81BBEE8D-C161-4E24-BA2B-5E81230D8C19}.Release|x86.Build.0 = Release|Any CPU
		{AD6C296D-9E62-42F6-A36A-D2FA09638398}.Debug|Any CPU.ActiveCfg = Debug|Any CPU
		{AD6C296D-9E62-42F6-A36A-D2FA09638398}.Debug|Any CPU.Build.0 = Debug|Any CPU
		{AD6C296D-9E62-42F6-A36A-D2FA09638398}.Debug|ARM.ActiveCfg = Debug|Any CPU
		{AD6C296D-9E62-42F6-A36A-D2FA09638398}.Debug|ARM.Build.0 = Debug|Any CPU
		{AD6C296D-9E62-42F6-A36A-D2FA09638398}.Debug|x64.ActiveCfg = Debug|Any CPU
		{AD6C296D-9E62-42F6-A36A-D2FA09638398}.Debug|x64.Build.0 = Debug|Any CPU
		{AD6C296D-9E62-42F6-A36A-D2FA09638398}.Debug|x86.ActiveCfg = Debug|Any CPU
		{AD6C296D-9E62-42F6-A36A-D2FA09638398}.Debug|x86.Build.0 = Debug|Any CPU
		{AD6C296D-9E62-42F6-A36A-D2FA09638398}.Release|Any CPU.ActiveCfg = Release|Any CPU
		{AD6C296D-9E62-42F6-A36A-D2FA09638398}.Release|Any CPU.Build.0 = Release|Any CPU
		{AD6C296D-9E62-42F6-A36A-D2FA09638398}.Release|ARM.ActiveCfg = Release|Any CPU
		{AD6C296D-9E62-42F6-A36A-D2FA09638398}.Release|ARM.Build.0 = Release|Any CPU
		{AD6C296D-9E62-42F6-A36A-D2FA09638398}.Release|x64.ActiveCfg = Release|Any CPU
		{AD6C296D-9E62-42F6-A36A-D2FA09638398}.Release|x64.Build.0 = Release|Any CPU
		{AD6C296D-9E62-42F6-A36A-D2FA09638398}.Release|x86.ActiveCfg = Release|Any CPU
		{AD6C296D-9E62-42F6-A36A-D2FA09638398}.Release|x86.Build.0 = Release|Any CPU
		{9D9F70B5-882D-4A09-9074-9B70FBD11A37}.Debug|Any CPU.ActiveCfg = Debug|Any CPU
		{9D9F70B5-882D-4A09-9074-9B70FBD11A37}.Debug|Any CPU.Build.0 = Debug|Any CPU
		{9D9F70B5-882D-4A09-9074-9B70FBD11A37}.Debug|ARM.ActiveCfg = Debug|Any CPU
		{9D9F70B5-882D-4A09-9074-9B70FBD11A37}.Debug|ARM.Build.0 = Debug|Any CPU
		{9D9F70B5-882D-4A09-9074-9B70FBD11A37}.Debug|x64.ActiveCfg = Debug|Any CPU
		{9D9F70B5-882D-4A09-9074-9B70FBD11A37}.Debug|x64.Build.0 = Debug|Any CPU
		{9D9F70B5-882D-4A09-9074-9B70FBD11A37}.Debug|x86.ActiveCfg = Debug|Any CPU
		{9D9F70B5-882D-4A09-9074-9B70FBD11A37}.Debug|x86.Build.0 = Debug|Any CPU
		{9D9F70B5-882D-4A09-9074-9B70FBD11A37}.Release|Any CPU.ActiveCfg = Release|Any CPU
		{9D9F70B5-882D-4A09-9074-9B70FBD11A37}.Release|Any CPU.Build.0 = Release|Any CPU
		{9D9F70B5-882D-4A09-9074-9B70FBD11A37}.Release|ARM.ActiveCfg = Release|Any CPU
		{9D9F70B5-882D-4A09-9074-9B70FBD11A37}.Release|ARM.Build.0 = Release|Any CPU
		{9D9F70B5-882D-4A09-9074-9B70FBD11A37}.Release|x64.ActiveCfg = Release|Any CPU
		{9D9F70B5-882D-4A09-9074-9B70FBD11A37}.Release|x64.Build.0 = Release|Any CPU
		{9D9F70B5-882D-4A09-9074-9B70FBD11A37}.Release|x86.ActiveCfg = Release|Any CPU
		{9D9F70B5-882D-4A09-9074-9B70FBD11A37}.Release|x86.Build.0 = Release|Any CPU
		{E6F8CAAF-ADAD-498F-BAB1-449A6D863BC7}.Debug|Any CPU.ActiveCfg = Debug|Any CPU
		{E6F8CAAF-ADAD-498F-BAB1-449A6D863BC7}.Debug|Any CPU.Build.0 = Debug|Any CPU
		{E6F8CAAF-ADAD-498F-BAB1-449A6D863BC7}.Debug|ARM.ActiveCfg = Debug|Any CPU
		{E6F8CAAF-ADAD-498F-BAB1-449A6D863BC7}.Debug|ARM.Build.0 = Debug|Any CPU
		{E6F8CAAF-ADAD-498F-BAB1-449A6D863BC7}.Debug|x64.ActiveCfg = Debug|Any CPU
		{E6F8CAAF-ADAD-498F-BAB1-449A6D863BC7}.Debug|x64.Build.0 = Debug|Any CPU
		{E6F8CAAF-ADAD-498F-BAB1-449A6D863BC7}.Debug|x86.ActiveCfg = Debug|Any CPU
		{E6F8CAAF-ADAD-498F-BAB1-449A6D863BC7}.Debug|x86.Build.0 = Debug|Any CPU
		{E6F8CAAF-ADAD-498F-BAB1-449A6D863BC7}.Release|Any CPU.ActiveCfg = Release|Any CPU
		{E6F8CAAF-ADAD-498F-BAB1-449A6D863BC7}.Release|Any CPU.Build.0 = Release|Any CPU
		{E6F8CAAF-ADAD-498F-BAB1-449A6D863BC7}.Release|ARM.ActiveCfg = Release|Any CPU
		{E6F8CAAF-ADAD-498F-BAB1-449A6D863BC7}.Release|ARM.Build.0 = Release|Any CPU
		{E6F8CAAF-ADAD-498F-BAB1-449A6D863BC7}.Release|x64.ActiveCfg = Release|Any CPU
		{E6F8CAAF-ADAD-498F-BAB1-449A6D863BC7}.Release|x64.Build.0 = Release|Any CPU
		{E6F8CAAF-ADAD-498F-BAB1-449A6D863BC7}.Release|x86.ActiveCfg = Release|Any CPU
		{E6F8CAAF-ADAD-498F-BAB1-449A6D863BC7}.Release|x86.Build.0 = Release|Any CPU
		{E84D62A9-01C1-4401-8A4C-7EF229600E4E}.Debug|Any CPU.ActiveCfg = Debug|Any CPU
		{E84D62A9-01C1-4401-8A4C-7EF229600E4E}.Debug|Any CPU.Build.0 = Debug|Any CPU
		{E84D62A9-01C1-4401-8A4C-7EF229600E4E}.Debug|ARM.ActiveCfg = Debug|Any CPU
		{E84D62A9-01C1-4401-8A4C-7EF229600E4E}.Debug|ARM.Build.0 = Debug|Any CPU
		{E84D62A9-01C1-4401-8A4C-7EF229600E4E}.Debug|x64.ActiveCfg = Debug|Any CPU
		{E84D62A9-01C1-4401-8A4C-7EF229600E4E}.Debug|x64.Build.0 = Debug|Any CPU
		{E84D62A9-01C1-4401-8A4C-7EF229600E4E}.Debug|x86.ActiveCfg = Debug|Any CPU
		{E84D62A9-01C1-4401-8A4C-7EF229600E4E}.Debug|x86.Build.0 = Debug|Any CPU
		{E84D62A9-01C1-4401-8A4C-7EF229600E4E}.Release|Any CPU.ActiveCfg = Release|Any CPU
		{E84D62A9-01C1-4401-8A4C-7EF229600E4E}.Release|Any CPU.Build.0 = Release|Any CPU
		{E84D62A9-01C1-4401-8A4C-7EF229600E4E}.Release|ARM.ActiveCfg = Release|Any CPU
		{E84D62A9-01C1-4401-8A4C-7EF229600E4E}.Release|ARM.Build.0 = Release|Any CPU
		{E84D62A9-01C1-4401-8A4C-7EF229600E4E}.Release|x64.ActiveCfg = Release|Any CPU
		{E84D62A9-01C1-4401-8A4C-7EF229600E4E}.Release|x64.Build.0 = Release|Any CPU
		{E84D62A9-01C1-4401-8A4C-7EF229600E4E}.Release|x86.ActiveCfg = Release|Any CPU
		{E84D62A9-01C1-4401-8A4C-7EF229600E4E}.Release|x86.Build.0 = Release|Any CPU
		{FF92CA53-50D3-4565-BB53-21E08F9EA313}.Debug|Any CPU.ActiveCfg = Debug|Any CPU
		{FF92CA53-50D3-4565-BB53-21E08F9EA313}.Debug|Any CPU.Build.0 = Debug|Any CPU
		{FF92CA53-50D3-4565-BB53-21E08F9EA313}.Debug|ARM.ActiveCfg = Debug|Any CPU
		{FF92CA53-50D3-4565-BB53-21E08F9EA313}.Debug|ARM.Build.0 = Debug|Any CPU
		{FF92CA53-50D3-4565-BB53-21E08F9EA313}.Debug|x64.ActiveCfg = Debug|Any CPU
		{FF92CA53-50D3-4565-BB53-21E08F9EA313}.Debug|x64.Build.0 = Debug|Any CPU
		{FF92CA53-50D3-4565-BB53-21E08F9EA313}.Debug|x86.ActiveCfg = Debug|x86
		{FF92CA53-50D3-4565-BB53-21E08F9EA313}.Debug|x86.Build.0 = Debug|x86
		{FF92CA53-50D3-4565-BB53-21E08F9EA313}.Release|Any CPU.ActiveCfg = Release|Any CPU
		{FF92CA53-50D3-4565-BB53-21E08F9EA313}.Release|Any CPU.Build.0 = Release|Any CPU
		{FF92CA53-50D3-4565-BB53-21E08F9EA313}.Release|ARM.ActiveCfg = Release|Any CPU
		{FF92CA53-50D3-4565-BB53-21E08F9EA313}.Release|ARM.Build.0 = Release|Any CPU
		{FF92CA53-50D3-4565-BB53-21E08F9EA313}.Release|x64.ActiveCfg = Release|Any CPU
		{FF92CA53-50D3-4565-BB53-21E08F9EA313}.Release|x64.Build.0 = Release|Any CPU
		{FF92CA53-50D3-4565-BB53-21E08F9EA313}.Release|x86.ActiveCfg = Release|x86
		{FF92CA53-50D3-4565-BB53-21E08F9EA313}.Release|x86.Build.0 = Release|x86
		{78E09FDE-D0C8-4D78-BDEC-722655506F3E}.Debug|Any CPU.ActiveCfg = Debug|Any CPU
		{78E09FDE-D0C8-4D78-BDEC-722655506F3E}.Debug|Any CPU.Build.0 = Debug|Any CPU
		{78E09FDE-D0C8-4D78-BDEC-722655506F3E}.Debug|ARM.ActiveCfg = Debug|Any CPU
		{78E09FDE-D0C8-4D78-BDEC-722655506F3E}.Debug|ARM.Build.0 = Debug|Any CPU
		{78E09FDE-D0C8-4D78-BDEC-722655506F3E}.Debug|x64.ActiveCfg = Debug|Any CPU
		{78E09FDE-D0C8-4D78-BDEC-722655506F3E}.Debug|x64.Build.0 = Debug|Any CPU
		{78E09FDE-D0C8-4D78-BDEC-722655506F3E}.Debug|x86.ActiveCfg = Debug|Any CPU
		{78E09FDE-D0C8-4D78-BDEC-722655506F3E}.Debug|x86.Build.0 = Debug|Any CPU
		{78E09FDE-D0C8-4D78-BDEC-722655506F3E}.Release|Any CPU.ActiveCfg = Release|Any CPU
		{78E09FDE-D0C8-4D78-BDEC-722655506F3E}.Release|Any CPU.Build.0 = Release|Any CPU
		{78E09FDE-D0C8-4D78-BDEC-722655506F3E}.Release|ARM.ActiveCfg = Release|Any CPU
		{78E09FDE-D0C8-4D78-BDEC-722655506F3E}.Release|ARM.Build.0 = Release|Any CPU
		{78E09FDE-D0C8-4D78-BDEC-722655506F3E}.Release|x64.ActiveCfg = Release|Any CPU
		{78E09FDE-D0C8-4D78-BDEC-722655506F3E}.Release|x64.Build.0 = Release|Any CPU
		{78E09FDE-D0C8-4D78-BDEC-722655506F3E}.Release|x86.ActiveCfg = Release|Any CPU
		{78E09FDE-D0C8-4D78-BDEC-722655506F3E}.Release|x86.Build.0 = Release|Any CPU
		{DB4965C8-7A91-450D-9E44-F5A5B82AC0FA}.Debug|Any CPU.ActiveCfg = Debug|Any CPU
		{DB4965C8-7A91-450D-9E44-F5A5B82AC0FA}.Debug|Any CPU.Build.0 = Debug|Any CPU
		{DB4965C8-7A91-450D-9E44-F5A5B82AC0FA}.Debug|ARM.ActiveCfg = Debug|Any CPU
		{DB4965C8-7A91-450D-9E44-F5A5B82AC0FA}.Debug|ARM.Build.0 = Debug|Any CPU
		{DB4965C8-7A91-450D-9E44-F5A5B82AC0FA}.Debug|x64.ActiveCfg = Debug|Any CPU
		{DB4965C8-7A91-450D-9E44-F5A5B82AC0FA}.Debug|x64.Build.0 = Debug|Any CPU
		{DB4965C8-7A91-450D-9E44-F5A5B82AC0FA}.Debug|x86.ActiveCfg = Debug|Any CPU
		{DB4965C8-7A91-450D-9E44-F5A5B82AC0FA}.Debug|x86.Build.0 = Debug|Any CPU
		{DB4965C8-7A91-450D-9E44-F5A5B82AC0FA}.Release|Any CPU.ActiveCfg = Release|Any CPU
		{DB4965C8-7A91-450D-9E44-F5A5B82AC0FA}.Release|Any CPU.Build.0 = Release|Any CPU
		{DB4965C8-7A91-450D-9E44-F5A5B82AC0FA}.Release|ARM.ActiveCfg = Release|Any CPU
		{DB4965C8-7A91-450D-9E44-F5A5B82AC0FA}.Release|ARM.Build.0 = Release|Any CPU
		{DB4965C8-7A91-450D-9E44-F5A5B82AC0FA}.Release|x64.ActiveCfg = Release|Any CPU
		{DB4965C8-7A91-450D-9E44-F5A5B82AC0FA}.Release|x64.Build.0 = Release|Any CPU
		{DB4965C8-7A91-450D-9E44-F5A5B82AC0FA}.Release|x86.ActiveCfg = Release|Any CPU
		{DB4965C8-7A91-450D-9E44-F5A5B82AC0FA}.Release|x86.Build.0 = Release|Any CPU
		{1D237E7F-2E78-400A-BDB2-A3223EF26C0D}.Debug|Any CPU.ActiveCfg = Debug|Any CPU
		{1D237E7F-2E78-400A-BDB2-A3223EF26C0D}.Debug|Any CPU.Build.0 = Debug|Any CPU
		{1D237E7F-2E78-400A-BDB2-A3223EF26C0D}.Debug|ARM.ActiveCfg = Debug|Any CPU
		{1D237E7F-2E78-400A-BDB2-A3223EF26C0D}.Debug|ARM.Build.0 = Debug|Any CPU
		{1D237E7F-2E78-400A-BDB2-A3223EF26C0D}.Debug|x64.ActiveCfg = Debug|Any CPU
		{1D237E7F-2E78-400A-BDB2-A3223EF26C0D}.Debug|x64.Build.0 = Debug|Any CPU
		{1D237E7F-2E78-400A-BDB2-A3223EF26C0D}.Debug|x86.ActiveCfg = Debug|Any CPU
		{1D237E7F-2E78-400A-BDB2-A3223EF26C0D}.Debug|x86.Build.0 = Debug|Any CPU
		{1D237E7F-2E78-400A-BDB2-A3223EF26C0D}.Release|Any CPU.ActiveCfg = Release|Any CPU
		{1D237E7F-2E78-400A-BDB2-A3223EF26C0D}.Release|Any CPU.Build.0 = Release|Any CPU
		{1D237E7F-2E78-400A-BDB2-A3223EF26C0D}.Release|ARM.ActiveCfg = Release|Any CPU
		{1D237E7F-2E78-400A-BDB2-A3223EF26C0D}.Release|ARM.Build.0 = Release|Any CPU
		{1D237E7F-2E78-400A-BDB2-A3223EF26C0D}.Release|x64.ActiveCfg = Release|Any CPU
		{1D237E7F-2E78-400A-BDB2-A3223EF26C0D}.Release|x64.Build.0 = Release|Any CPU
		{1D237E7F-2E78-400A-BDB2-A3223EF26C0D}.Release|x86.ActiveCfg = Release|Any CPU
		{1D237E7F-2E78-400A-BDB2-A3223EF26C0D}.Release|x86.Build.0 = Release|Any CPU
		{68B7EBB5-5B78-4016-A34B-266523702D59}.Debug|Any CPU.ActiveCfg = Debug|Any CPU
		{68B7EBB5-5B78-4016-A34B-266523702D59}.Debug|Any CPU.Build.0 = Debug|Any CPU
		{68B7EBB5-5B78-4016-A34B-266523702D59}.Debug|ARM.ActiveCfg = Debug|Any CPU
		{68B7EBB5-5B78-4016-A34B-266523702D59}.Debug|ARM.Build.0 = Debug|Any CPU
		{68B7EBB5-5B78-4016-A34B-266523702D59}.Debug|x64.ActiveCfg = Debug|Any CPU
		{68B7EBB5-5B78-4016-A34B-266523702D59}.Debug|x64.Build.0 = Debug|Any CPU
		{68B7EBB5-5B78-4016-A34B-266523702D59}.Debug|x86.ActiveCfg = Debug|Any CPU
		{68B7EBB5-5B78-4016-A34B-266523702D59}.Debug|x86.Build.0 = Debug|Any CPU
		{68B7EBB5-5B78-4016-A34B-266523702D59}.Release|Any CPU.ActiveCfg = Release|Any CPU
		{68B7EBB5-5B78-4016-A34B-266523702D59}.Release|Any CPU.Build.0 = Release|Any CPU
		{68B7EBB5-5B78-4016-A34B-266523702D59}.Release|ARM.ActiveCfg = Release|Any CPU
		{68B7EBB5-5B78-4016-A34B-266523702D59}.Release|ARM.Build.0 = Release|Any CPU
		{68B7EBB5-5B78-4016-A34B-266523702D59}.Release|x64.ActiveCfg = Release|Any CPU
		{68B7EBB5-5B78-4016-A34B-266523702D59}.Release|x64.Build.0 = Release|Any CPU
		{68B7EBB5-5B78-4016-A34B-266523702D59}.Release|x86.ActiveCfg = Release|Any CPU
		{68B7EBB5-5B78-4016-A34B-266523702D59}.Release|x86.Build.0 = Release|Any CPU
		{F134C1D9-472F-4F47-AF9E-7ED079FA455E}.Debug|Any CPU.ActiveCfg = Debug|Any CPU
		{F134C1D9-472F-4F47-AF9E-7ED079FA455E}.Debug|Any CPU.Build.0 = Debug|Any CPU
		{F134C1D9-472F-4F47-AF9E-7ED079FA455E}.Debug|ARM.ActiveCfg = Debug|Any CPU
		{F134C1D9-472F-4F47-AF9E-7ED079FA455E}.Debug|ARM.Build.0 = Debug|Any CPU
		{F134C1D9-472F-4F47-AF9E-7ED079FA455E}.Debug|x64.ActiveCfg = Debug|Any CPU
		{F134C1D9-472F-4F47-AF9E-7ED079FA455E}.Debug|x64.Build.0 = Debug|Any CPU
		{F134C1D9-472F-4F47-AF9E-7ED079FA455E}.Debug|x86.ActiveCfg = Debug|Any CPU
		{F134C1D9-472F-4F47-AF9E-7ED079FA455E}.Debug|x86.Build.0 = Debug|Any CPU
		{F134C1D9-472F-4F47-AF9E-7ED079FA455E}.Release|Any CPU.ActiveCfg = Release|Any CPU
		{F134C1D9-472F-4F47-AF9E-7ED079FA455E}.Release|Any CPU.Build.0 = Release|Any CPU
		{F134C1D9-472F-4F47-AF9E-7ED079FA455E}.Release|ARM.ActiveCfg = Release|Any CPU
		{F134C1D9-472F-4F47-AF9E-7ED079FA455E}.Release|ARM.Build.0 = Release|Any CPU
		{F134C1D9-472F-4F47-AF9E-7ED079FA455E}.Release|x64.ActiveCfg = Release|Any CPU
		{F134C1D9-472F-4F47-AF9E-7ED079FA455E}.Release|x64.Build.0 = Release|Any CPU
		{F134C1D9-472F-4F47-AF9E-7ED079FA455E}.Release|x86.ActiveCfg = Release|Any CPU
		{F134C1D9-472F-4F47-AF9E-7ED079FA455E}.Release|x86.Build.0 = Release|Any CPU
		{2E5DE8D2-6C26-4D15-8491-82B931258EA5}.Debug|Any CPU.ActiveCfg = Debug|Any CPU
		{2E5DE8D2-6C26-4D15-8491-82B931258EA5}.Debug|Any CPU.Build.0 = Debug|Any CPU
		{2E5DE8D2-6C26-4D15-8491-82B931258EA5}.Debug|ARM.ActiveCfg = Debug|Any CPU
		{2E5DE8D2-6C26-4D15-8491-82B931258EA5}.Debug|ARM.Build.0 = Debug|Any CPU
		{2E5DE8D2-6C26-4D15-8491-82B931258EA5}.Debug|x64.ActiveCfg = Debug|Any CPU
		{2E5DE8D2-6C26-4D15-8491-82B931258EA5}.Debug|x64.Build.0 = Debug|Any CPU
		{2E5DE8D2-6C26-4D15-8491-82B931258EA5}.Debug|x86.ActiveCfg = Debug|Any CPU
		{2E5DE8D2-6C26-4D15-8491-82B931258EA5}.Debug|x86.Build.0 = Debug|Any CPU
		{2E5DE8D2-6C26-4D15-8491-82B931258EA5}.Release|Any CPU.ActiveCfg = Release|Any CPU
		{2E5DE8D2-6C26-4D15-8491-82B931258EA5}.Release|Any CPU.Build.0 = Release|Any CPU
		{2E5DE8D2-6C26-4D15-8491-82B931258EA5}.Release|ARM.ActiveCfg = Release|Any CPU
		{2E5DE8D2-6C26-4D15-8491-82B931258EA5}.Release|ARM.Build.0 = Release|Any CPU
		{2E5DE8D2-6C26-4D15-8491-82B931258EA5}.Release|x64.ActiveCfg = Release|Any CPU
		{2E5DE8D2-6C26-4D15-8491-82B931258EA5}.Release|x64.Build.0 = Release|Any CPU
		{2E5DE8D2-6C26-4D15-8491-82B931258EA5}.Release|x86.ActiveCfg = Release|Any CPU
		{2E5DE8D2-6C26-4D15-8491-82B931258EA5}.Release|x86.Build.0 = Release|Any CPU
		{A13AE9FE-0246-4F9A-B992-67056ADF01EE}.Debug|Any CPU.ActiveCfg = Debug|Any CPU
		{A13AE9FE-0246-4F9A-B992-67056ADF01EE}.Debug|Any CPU.Build.0 = Debug|Any CPU
		{A13AE9FE-0246-4F9A-B992-67056ADF01EE}.Debug|ARM.ActiveCfg = Debug|Any CPU
		{A13AE9FE-0246-4F9A-B992-67056ADF01EE}.Debug|ARM.Build.0 = Debug|Any CPU
		{A13AE9FE-0246-4F9A-B992-67056ADF01EE}.Debug|x64.ActiveCfg = Debug|Any CPU
		{A13AE9FE-0246-4F9A-B992-67056ADF01EE}.Debug|x64.Build.0 = Debug|Any CPU
		{A13AE9FE-0246-4F9A-B992-67056ADF01EE}.Debug|x86.ActiveCfg = Debug|Any CPU
		{A13AE9FE-0246-4F9A-B992-67056ADF01EE}.Debug|x86.Build.0 = Debug|Any CPU
		{A13AE9FE-0246-4F9A-B992-67056ADF01EE}.Release|Any CPU.ActiveCfg = Release|Any CPU
		{A13AE9FE-0246-4F9A-B992-67056ADF01EE}.Release|Any CPU.Build.0 = Release|Any CPU
		{A13AE9FE-0246-4F9A-B992-67056ADF01EE}.Release|ARM.ActiveCfg = Release|Any CPU
		{A13AE9FE-0246-4F9A-B992-67056ADF01EE}.Release|ARM.Build.0 = Release|Any CPU
		{A13AE9FE-0246-4F9A-B992-67056ADF01EE}.Release|x64.ActiveCfg = Release|Any CPU
		{A13AE9FE-0246-4F9A-B992-67056ADF01EE}.Release|x64.Build.0 = Release|Any CPU
		{A13AE9FE-0246-4F9A-B992-67056ADF01EE}.Release|x86.ActiveCfg = Release|Any CPU
		{A13AE9FE-0246-4F9A-B992-67056ADF01EE}.Release|x86.Build.0 = Release|Any CPU
		{21489BC9-1EFC-4A37-A513-0BFBC8D3012C}.Debug|Any CPU.ActiveCfg = Debug|Any CPU
		{21489BC9-1EFC-4A37-A513-0BFBC8D3012C}.Debug|Any CPU.Build.0 = Debug|Any CPU
		{21489BC9-1EFC-4A37-A513-0BFBC8D3012C}.Debug|ARM.ActiveCfg = Debug|Any CPU
		{21489BC9-1EFC-4A37-A513-0BFBC8D3012C}.Debug|ARM.Build.0 = Debug|Any CPU
		{21489BC9-1EFC-4A37-A513-0BFBC8D3012C}.Debug|x64.ActiveCfg = Debug|Any CPU
		{21489BC9-1EFC-4A37-A513-0BFBC8D3012C}.Debug|x64.Build.0 = Debug|Any CPU
		{21489BC9-1EFC-4A37-A513-0BFBC8D3012C}.Debug|x86.ActiveCfg = Debug|Any CPU
		{21489BC9-1EFC-4A37-A513-0BFBC8D3012C}.Debug|x86.Build.0 = Debug|Any CPU
		{21489BC9-1EFC-4A37-A513-0BFBC8D3012C}.Release|Any CPU.ActiveCfg = Release|Any CPU
		{21489BC9-1EFC-4A37-A513-0BFBC8D3012C}.Release|Any CPU.Build.0 = Release|Any CPU
		{21489BC9-1EFC-4A37-A513-0BFBC8D3012C}.Release|ARM.ActiveCfg = Release|Any CPU
		{21489BC9-1EFC-4A37-A513-0BFBC8D3012C}.Release|ARM.Build.0 = Release|Any CPU
		{21489BC9-1EFC-4A37-A513-0BFBC8D3012C}.Release|x64.ActiveCfg = Release|Any CPU
		{21489BC9-1EFC-4A37-A513-0BFBC8D3012C}.Release|x64.Build.0 = Release|Any CPU
		{21489BC9-1EFC-4A37-A513-0BFBC8D3012C}.Release|x86.ActiveCfg = Release|Any CPU
		{21489BC9-1EFC-4A37-A513-0BFBC8D3012C}.Release|x86.Build.0 = Release|Any CPU
		{E106FE3F-70FA-4827-9B97-0075E266C93A}.Debug|Any CPU.ActiveCfg = Debug|Any CPU
		{E106FE3F-70FA-4827-9B97-0075E266C93A}.Debug|Any CPU.Build.0 = Debug|Any CPU
		{E106FE3F-70FA-4827-9B97-0075E266C93A}.Debug|ARM.ActiveCfg = Debug|Any CPU
		{E106FE3F-70FA-4827-9B97-0075E266C93A}.Debug|ARM.Build.0 = Debug|Any CPU
		{E106FE3F-70FA-4827-9B97-0075E266C93A}.Debug|x64.ActiveCfg = Debug|Any CPU
		{E106FE3F-70FA-4827-9B97-0075E266C93A}.Debug|x64.Build.0 = Debug|Any CPU
		{E106FE3F-70FA-4827-9B97-0075E266C93A}.Debug|x86.ActiveCfg = Debug|Any CPU
		{E106FE3F-70FA-4827-9B97-0075E266C93A}.Debug|x86.Build.0 = Debug|Any CPU
		{E106FE3F-70FA-4827-9B97-0075E266C93A}.Release|Any CPU.ActiveCfg = Release|Any CPU
		{E106FE3F-70FA-4827-9B97-0075E266C93A}.Release|Any CPU.Build.0 = Release|Any CPU
		{E106FE3F-70FA-4827-9B97-0075E266C93A}.Release|ARM.ActiveCfg = Release|Any CPU
		{E106FE3F-70FA-4827-9B97-0075E266C93A}.Release|ARM.Build.0 = Release|Any CPU
		{E106FE3F-70FA-4827-9B97-0075E266C93A}.Release|x64.ActiveCfg = Release|Any CPU
		{E106FE3F-70FA-4827-9B97-0075E266C93A}.Release|x64.Build.0 = Release|Any CPU
		{E106FE3F-70FA-4827-9B97-0075E266C93A}.Release|x86.ActiveCfg = Release|Any CPU
		{E106FE3F-70FA-4827-9B97-0075E266C93A}.Release|x86.Build.0 = Release|Any CPU
		{378B3D04-54CC-4E72-BBFE-B8441D4974EB}.Debug|Any CPU.ActiveCfg = Debug|Any CPU
		{378B3D04-54CC-4E72-BBFE-B8441D4974EB}.Debug|Any CPU.Build.0 = Debug|Any CPU
		{378B3D04-54CC-4E72-BBFE-B8441D4974EB}.Debug|ARM.ActiveCfg = Debug|Any CPU
		{378B3D04-54CC-4E72-BBFE-B8441D4974EB}.Debug|ARM.Build.0 = Debug|Any CPU
		{378B3D04-54CC-4E72-BBFE-B8441D4974EB}.Debug|x64.ActiveCfg = Debug|Any CPU
		{378B3D04-54CC-4E72-BBFE-B8441D4974EB}.Debug|x64.Build.0 = Debug|Any CPU
		{378B3D04-54CC-4E72-BBFE-B8441D4974EB}.Debug|x86.ActiveCfg = Debug|Any CPU
		{378B3D04-54CC-4E72-BBFE-B8441D4974EB}.Debug|x86.Build.0 = Debug|Any CPU
		{378B3D04-54CC-4E72-BBFE-B8441D4974EB}.Release|Any CPU.ActiveCfg = Release|Any CPU
		{378B3D04-54CC-4E72-BBFE-B8441D4974EB}.Release|Any CPU.Build.0 = Release|Any CPU
		{378B3D04-54CC-4E72-BBFE-B8441D4974EB}.Release|ARM.ActiveCfg = Release|Any CPU
		{378B3D04-54CC-4E72-BBFE-B8441D4974EB}.Release|ARM.Build.0 = Release|Any CPU
		{378B3D04-54CC-4E72-BBFE-B8441D4974EB}.Release|x64.ActiveCfg = Release|Any CPU
		{378B3D04-54CC-4E72-BBFE-B8441D4974EB}.Release|x64.Build.0 = Release|Any CPU
		{378B3D04-54CC-4E72-BBFE-B8441D4974EB}.Release|x86.ActiveCfg = Release|Any CPU
		{378B3D04-54CC-4E72-BBFE-B8441D4974EB}.Release|x86.Build.0 = Release|Any CPU
	EndGlobalSection
	GlobalSection(SolutionProperties) = preSolution
		HideSolutionNode = FALSE
	EndGlobalSection
	GlobalSection(NestedProjects) = preSolution
		{D2C9F430-6B47-482A-A49C-A2478D75F95F} = {EF420F33-6716-41F1-8EFB-CD8D1EBCE5FF}
		{E01E8FB1-C391-45C2-B88C-F4F5C0602D5B} = {FD3FDC46-79CC-472B-9F7B-FCE340C49759}
		{EA6365F1-C027-416B-B4CC-A94572B5FC19} = {7707715C-1B4F-4187-8D1D-8AE3FFF4CECE}
		{B3E36145-C4AC-4FB2-9232-B31D11C42646} = {EF420F33-6716-41F1-8EFB-CD8D1EBCE5FF}
		{F62D7792-F4EE-4924-898E-C56309E6DFC2} = {2709930E-101D-4A5F-BE7B-4481A3096A5B}
		{157C9BC8-96F6-4B51-BED5-0EA1886A6B19} = {678EE347-8EA7-4642-8661-E8D22A55F0B6}
		{A55DD9DB-5254-4D31-888D-05474318035D} = {26AF016D-3829-46E2-95E5-D2E8D0719E58}
		{1C3B068B-6F6D-40EF-902F-6CE455875BCE} = {26AF016D-3829-46E2-95E5-D2E8D0719E58}
		{A45A1E35-6CE5-42C2-8FD3-19CE5B0BD5D6} = {2709930E-101D-4A5F-BE7B-4481A3096A5B}
		{C0BAC0EB-7068-42AF-ACAC-09DF677CF980} = {2709930E-101D-4A5F-BE7B-4481A3096A5B}
		{986A39BB-38B7-4C33-A61E-C635885088F8} = {26AF016D-3829-46E2-95E5-D2E8D0719E58}
		{FC477F23-2BCC-4917-841E-691726EB0894} = {69D4FD59-0C9D-4B98-B42B-6634F3358D2E}
		{95CB7257-5CE9-477F-8239-A2B57EAF89AD} = {7707715C-1B4F-4187-8D1D-8AE3FFF4CECE}
		{89C4BA5C-358B-4095-8FD2-0BAE32C2178E} = {3135158E-4754-4DDB-8DF1-08AB40488805}
		{CEBC603E-59AD-4BD7-839D-CCFE7C0841B1} = {7707715C-1B4F-4187-8D1D-8AE3FFF4CECE}
		{AFB15952-0DFA-4919-9D4B-46C2737654EC} = {3135158E-4754-4DDB-8DF1-08AB40488805}
		{678EE347-8EA7-4642-8661-E8D22A55F0B6} = {2709930E-101D-4A5F-BE7B-4481A3096A5B}
		{FD3FDC46-79CC-472B-9F7B-FCE340C49759} = {EF420F33-6716-41F1-8EFB-CD8D1EBCE5FF}
		{E391F65E-73F6-4910-9BF2-D2CE1684FB1F} = {3135158E-4754-4DDB-8DF1-08AB40488805}
		{99BE5B4A-A78D-482D-8E46-B1792225E567} = {E391F65E-73F6-4910-9BF2-D2CE1684FB1F}
		{AE46BF97-14FA-48E5-BC3D-3E0DB4B75CCA} = {99BE5B4A-A78D-482D-8E46-B1792225E567}
		{B0B25074-7036-467E-B95D-FA55A7CC0517} = {99BE5B4A-A78D-482D-8E46-B1792225E567}
		{0AC16E96-E932-4147-A09E-10931565750E} = {99BE5B4A-A78D-482D-8E46-B1792225E567}
		{F8D7C65E-0DDC-4F10-82B2-D01CADB2D643} = {99BE5B4A-A78D-482D-8E46-B1792225E567}
		{42E35589-2247-4ADF-827F-99F93C3ED373} = {99BE5B4A-A78D-482D-8E46-B1792225E567}
		{F1880805-7A1E-4600-99BB-0EC7702DE135} = {E391F65E-73F6-4910-9BF2-D2CE1684FB1F}
		{C1C0F47A-ACF5-49E9-8BAA-424FFA9645C5} = {F1880805-7A1E-4600-99BB-0EC7702DE135}
		{82A286BD-C005-4BB6-8192-5EF7622E9094} = {F1880805-7A1E-4600-99BB-0EC7702DE135}
		{33171CCD-153D-4995-AD31-938E53DEC744} = {F1880805-7A1E-4600-99BB-0EC7702DE135}
		{2D36C6E9-1801-4EF5-941B-AA02306C6F9A} = {F1880805-7A1E-4600-99BB-0EC7702DE135}
		{54E96BE4-723E-46B2-8C7D-873A87004E23} = {F1880805-7A1E-4600-99BB-0EC7702DE135}
		{9E39336D-70AB-4B6B-AE07-32E3AE1CE342} = {678EE347-8EA7-4642-8661-E8D22A55F0B6}
		{F956E7AA-01AD-48E1-B549-056834FD9F42} = {2709930E-101D-4A5F-BE7B-4481A3096A5B}
		{FFCC2280-289C-441E-B126-6215493F0DCF} = {F956E7AA-01AD-48E1-B549-056834FD9F42}
		{03291FCD-A5EB-4170-95EB-C9A96972138C} = {F956E7AA-01AD-48E1-B549-056834FD9F42}
		{12F5781D-1C33-4DC7-844B-6FA75210B5DE} = {F956E7AA-01AD-48E1-B549-056834FD9F42}
		{213FC1E8-7770-49B7-96D3-B8AFBF6808B1} = {F956E7AA-01AD-48E1-B549-056834FD9F42}
		{15F833EE-FE91-417D-97A3-1818D5338A24} = {F956E7AA-01AD-48E1-B549-056834FD9F42}
		{303E7FFC-F14F-4D00-A424-A751297E23B0} = {F956E7AA-01AD-48E1-B549-056834FD9F42}
		{81BBEE8D-C161-4E24-BA2B-5E81230D8C19} = {50A37AE5-425E-4C2C-B44B-4F8C378B4530}
		{3B2BF482-C6B4-4459-BFE5-9E2CF7ACD998} = {50A37AE5-425E-4C2C-B44B-4F8C378B4530}
		{AD6C296D-9E62-42F6-A36A-D2FA09638398} = {3B2BF482-C6B4-4459-BFE5-9E2CF7ACD998}
		{9D9F70B5-882D-4A09-9074-9B70FBD11A37} = {3B2BF482-C6B4-4459-BFE5-9E2CF7ACD998}
		{E6F8CAAF-ADAD-498F-BAB1-449A6D863BC7} = {06856880-120E-46DB-A69B-E790E6FC9FAA}
		{E84D62A9-01C1-4401-8A4C-7EF229600E4E} = {06856880-120E-46DB-A69B-E790E6FC9FAA}
		{FF92CA53-50D3-4565-BB53-21E08F9EA313} = {EF420F33-6716-41F1-8EFB-CD8D1EBCE5FF}
		{78E09FDE-D0C8-4D78-BDEC-722655506F3E} = {EF420F33-6716-41F1-8EFB-CD8D1EBCE5FF}
		{DB4965C8-7A91-450D-9E44-F5A5B82AC0FA} = {06856880-120E-46DB-A69B-E790E6FC9FAA}
		{1D237E7F-2E78-400A-BDB2-A3223EF26C0D} = {69D4FD59-0C9D-4B98-B42B-6634F3358D2E}
		{68B7EBB5-5B78-4016-A34B-266523702D59} = {69D4FD59-0C9D-4B98-B42B-6634F3358D2E}
		{F134C1D9-472F-4F47-AF9E-7ED079FA455E} = {69D4FD59-0C9D-4B98-B42B-6634F3358D2E}
		{2E5DE8D2-6C26-4D15-8491-82B931258EA5} = {69D4FD59-0C9D-4B98-B42B-6634F3358D2E}
		{A13AE9FE-0246-4F9A-B992-67056ADF01EE} = {69D4FD59-0C9D-4B98-B42B-6634F3358D2E}
		{21489BC9-1EFC-4A37-A513-0BFBC8D3012C} = {69D4FD59-0C9D-4B98-B42B-6634F3358D2E}
		{2A37FE62-BF14-4F07-A6F7-D3A357E35BD5} = {3135158E-4754-4DDB-8DF1-08AB40488805}
		{AE2ED35D-5464-4618-B269-1024300161F9} = {2A37FE62-BF14-4F07-A6F7-D3A357E35BD5}
		{E106FE3F-70FA-4827-9B97-0075E266C93A} = {AE2ED35D-5464-4618-B269-1024300161F9}
		{378B3D04-54CC-4E72-BBFE-B8441D4974EB} = {AE2ED35D-5464-4618-B269-1024300161F9}
	EndGlobalSection
	GlobalSection(ExtensibilityGlobals) = postSolution
		SolutionGuid = {7232A742-19CA-4C7C-9579-EBD78B48C4CB}
	EndGlobalSection
	GlobalSection(TeamFoundationVersionControl) = preSolution
		SccNumberOfProjects = 50
		SccEnterpriseProvider = {4CA58AB2-18FA-4F8D-95D4-32DDF27D184C}
		SccTeamFoundationServer = http://120.27.140.63:8080/tfs/workspace
		SccLocalPath0 = .
		SccProjectUniqueName1 = CodeArt\\CodeArt.csproj
		SccProjectTopLevelParentUniqueName1 = CodeArt.sln
		SccProjectName1 = CodeArt
		SccLocalPath1 = CodeArt
		SccProjectUniqueName2 = CodeArtTest\\CodeArtTest.csproj
		SccProjectTopLevelParentUniqueName2 = CodeArt.sln
		SccProjectName2 = CodeArtTest
		SccLocalPath2 = CodeArtTest
		SccProjectUniqueName3 = CodeArt.ServiceModel\\CodeArt.ServiceModel.csproj
		SccProjectTopLevelParentUniqueName3 = CodeArt.sln
		SccProjectName3 = CodeArt.ServiceModel
		SccLocalPath3 = CodeArt.ServiceModel
		SccProjectUniqueName4 = CodeArt.ModuleNest\\CodeArt.ModuleNest.csproj
		SccProjectTopLevelParentUniqueName4 = CodeArt.sln
		SccProjectName4 = CodeArt.ModuleNest
		SccLocalPath4 = CodeArt.ModuleNest
		SccProjectUniqueName5 = CodeArt.DomainDriven\\CodeArt.DomainDriven.csproj
		SccProjectTopLevelParentUniqueName5 = CodeArt.sln
		SccProjectName5 = CodeArt.DomainDriven
		SccLocalPath5 = CodeArt.DomainDriven
		SccProjectUniqueName6 = CodeArt.DomainDrivenTest\\CodeArt.DomainDrivenTest.csproj
		SccProjectTopLevelParentUniqueName6 = CodeArt.sln
		SccProjectName6 = CodeArt.DomainDrivenTest
		SccLocalPath6 = CodeArt.DomainDrivenTest
		SccProjectUniqueName7 = CodeArt.TestTools\\CodeArt.TestTools.csproj
		SccProjectTopLevelParentUniqueName7 = CodeArt.sln
		SccProjectName7 = CodeArt.TestTools
		SccLocalPath7 = CodeArt.TestTools
		SccProjectUniqueName8 = CodeArt.TestTools.DomainDriven\\CodeArt.TestTools.DomainDriven.csproj
		SccProjectTopLevelParentUniqueName8 = CodeArt.sln
		SccProjectName8 = CodeArt.TestTools.DomainDriven
		SccLocalPath8 = CodeArt.TestTools.DomainDriven
		SccProjectUniqueName9 = CodeArt.DomainDriven.Extensions\\CodeArt.DomainDriven.Extensions.csproj
		SccProjectTopLevelParentUniqueName9 = CodeArt.sln
		SccProjectName9 = CodeArt.DomainDriven.Extensions
		SccLocalPath9 = CodeArt.DomainDriven.Extensions
		SccProjectUniqueName10 = CodeArt.DomainDriven.DataAccess\\CodeArt.DomainDriven.DataAccess.csproj
		SccProjectTopLevelParentUniqueName10 = CodeArt.sln
		SccProjectName10 = CodeArt.DomainDriven.DataAccess
		SccLocalPath10 = CodeArt.DomainDriven.DataAccess
		SccProjectUniqueName11 = CodeArt.TestTools.ServiceModel\\CodeArt.TestTools.ServiceModel.csproj
		SccProjectTopLevelParentUniqueName11 = CodeArt.sln
		SccProjectName11 = CodeArt.TestTools.ServiceModel
		SccLocalPath11 = CodeArt.TestTools.ServiceModel
		SccProjectUniqueName12 = CodeArt.Web\\CodeArt.Web.csproj
		SccProjectTopLevelParentUniqueName12 = CodeArt.sln
		SccProjectName12 = CodeArt.Web
		SccLocalPath12 = CodeArt.Web
		SccProjectUniqueName13 = CodeArt.ServiceModel.Web\\CodeArt.ServiceModel.Web.csproj
		SccProjectTopLevelParentUniqueName13 = CodeArt.sln
		SccProjectName13 = CodeArt.ServiceModel.Web
		SccLocalPath13 = CodeArt.ServiceModel.Web
		SccProjectUniqueName14 = CodeArt.RabbitMQ\\CodeArt.RabbitMQ.csproj
		SccProjectTopLevelParentUniqueName14 = CodeArt.sln
		SccProjectName14 = CodeArt.RabbitMQ
		SccLocalPath14 = CodeArt.RabbitMQ
		SccProjectUniqueName15 = CodeArt.ServiceModel.MQ\\CodeArt.ServiceModel.MQ.csproj
		SccProjectTopLevelParentUniqueName15 = CodeArt.sln
		SccProjectName15 = CodeArt.ServiceModel.MQ
		SccLocalPath15 = CodeArt.ServiceModel.MQ
		SccProjectUniqueName16 = CodeArt.EasyMQ\\CodeArt.EasyMQ.csproj
		SccProjectTopLevelParentUniqueName16 = CodeArt.sln
		SccProjectName16 = CodeArt.EasyMQ
		SccLocalPath16 = CodeArt.EasyMQ
		SccProjectUniqueName17 = SubscribeApp1\\SubscribeApp1.csproj
		SccProjectTopLevelParentUniqueName17 = CodeArt.sln
		SccProjectName17 = SubscribeApp1
		SccLocalPath17 = SubscribeApp1
		SccProjectUniqueName18 = SubscribeApp2\\SubscribeApp2.csproj
		SccProjectTopLevelParentUniqueName18 = CodeArt.sln
		SccProjectName18 = SubscribeApp2
		SccLocalPath18 = SubscribeApp2
		SccProjectUniqueName19 = PublisherApp1\\PublisherApp1.csproj
		SccProjectTopLevelParentUniqueName19 = CodeArt.sln
		SccProjectName19 = PublisherApp1
		SccLocalPath19 = PublisherApp1
		SccProjectUniqueName20 = PublisherApp2\\PublisherApp2.csproj
		SccProjectTopLevelParentUniqueName20 = CodeArt.sln
		SccProjectName20 = PublisherApp2
		SccLocalPath20 = PublisherApp2
		SccProjectUniqueName21 = SubscribeApp3\\SubscribeApp3.csproj
		SccProjectTopLevelParentUniqueName21 = CodeArt.sln
		SccProjectName21 = SubscribeApp3
		SccLocalPath21 = SubscribeApp3
		SccProjectUniqueName22 = ClientApp1\\ClientApp1.csproj
		SccProjectTopLevelParentUniqueName22 = CodeArt.sln
		SccProjectName22 = ClientApp1
		SccLocalPath22 = ClientApp1
		SccProjectUniqueName23 = ClientApp2\\ClientApp2.csproj
		SccProjectTopLevelParentUniqueName23 = CodeArt.sln
		SccProjectName23 = ClientApp2
		SccLocalPath23 = ClientApp2
		SccProjectUniqueName24 = ServerApp1\\ServerApp1.csproj
		SccProjectTopLevelParentUniqueName24 = CodeArt.sln
		SccProjectName24 = ServerApp1
		SccLocalPath24 = ServerApp1
		SccProjectUniqueName25 = ServerApp2\\ServerApp2.csproj
		SccProjectTopLevelParentUniqueName25 = CodeArt.sln
		SccProjectName25 = ServerApp2
		SccLocalPath25 = ServerApp2
		SccProjectUniqueName26 = ServerApp3\\ServerApp3.csproj
		SccProjectTopLevelParentUniqueName26 = CodeArt.sln
		SccProjectName26 = ServerApp3
		SccLocalPath26 = ServerApp3
		SccProjectUniqueName27 = DomainDrivenTestApp\\DomainDrivenTestApp.csproj
		SccProjectTopLevelParentUniqueName27 = CodeArt.sln
		SccProjectName27 = DomainDrivenTestApp
		SccLocalPath27 = DomainDrivenTestApp
		SccProjectUniqueName28 = DomainEventApp1\\DomainEventApp1.csproj
		SccProjectTopLevelParentUniqueName28 = CodeArt.sln
		SccProjectName28 = DomainEventApp1
		SccLocalPath28 = DomainEventApp1
		SccProjectUniqueName29 = DomainEventApp2\\DomainEventApp2.csproj
		SccProjectTopLevelParentUniqueName29 = CodeArt.sln
		SccProjectName29 = DomainEventApp2
		SccLocalPath29 = DomainEventApp2
		SccProjectUniqueName30 = DomainEventApp3\\DomainEventApp3.csproj
		SccProjectTopLevelParentUniqueName30 = CodeArt.sln
		SccProjectName30 = DomainEventApp3
		SccLocalPath30 = DomainEventApp3
		SccProjectUniqueName31 = DomainEventApp4\\DomainEventApp4.csproj
		SccProjectTopLevelParentUniqueName31 = CodeArt.sln
		SccProjectName31 = DomainEventApp4
		SccLocalPath31 = DomainEventApp4
		SccProjectUniqueName32 = DomainEventApp5\\DomainEventApp5.csproj
		SccProjectTopLevelParentUniqueName32 = CodeArt.sln
		SccProjectName32 = DomainEventApp5
		SccLocalPath32 = DomainEventApp5
		SccProjectUniqueName33 = DomainEventApp0\\DomainEventApp0.csproj
		SccProjectTopLevelParentUniqueName33 = CodeArt.sln
		SccProjectName33 = DomainEventApp0
		SccLocalPath33 = DomainEventApp0
		SccProjectUniqueName34 = CodeArt.Net.Anycast\\CodeArt.Net.Anycast.csproj
		SccProjectTopLevelParentUniqueName34 = CodeArt.sln
		SccProjectName34 = CodeArt.Net.Anycast
		SccLocalPath34 = CodeArt.Net.Anycast
		SccProjectUniqueName35 = AnycastServerApp\\AnycastServerApp.csproj
		SccProjectTopLevelParentUniqueName35 = CodeArt.sln
		SccProjectName35 = AnycastServerApp
		SccLocalPath35 = AnycastServerApp
		SccProjectUniqueName36 = AnycastClientApp1\\AnycastClientApp1.csproj
		SccProjectTopLevelParentUniqueName36 = CodeArt.sln
		SccProjectName36 = AnycastClientApp1
		SccLocalPath36 = AnycastClientApp1
		SccProjectUniqueName37 = CodeArt.WPF\\CodeArt.WPF.csproj
		SccProjectTopLevelParentUniqueName37 = CodeArt.sln
		SccProjectName37 = CodeArt.WPF
		SccLocalPath37 = CodeArt.WPF
		SccProjectUniqueName38 = CodeArt.WPF.Controls\\CodeArt.WPF.Controls.csproj
		SccProjectTopLevelParentUniqueName38 = CodeArt.sln
		SccProjectName38 = CodeArt.WPF.Controls
		SccLocalPath38 = CodeArt.WPF.Controls
		SccProjectUniqueName39 = CodeArt.Drawing\\CodeArt.Drawing.csproj
		SccProjectTopLevelParentUniqueName39 = CodeArt.sln
		SccProjectName39 = CodeArt.Drawing
		SccLocalPath39 = CodeArt.Drawing
		SccProjectUniqueName40 = CodeArt.Media\\CodeArt.Media.csproj
		SccProjectTopLevelParentUniqueName40 = CodeArt.sln
		SccProjectName40 = CodeArt.Media
		SccLocalPath40 = CodeArt.Media
		SccProjectUniqueName41 = CodeArt.Office\\CodeArt.Office.csproj
		SccProjectTopLevelParentUniqueName41 = CodeArt.sln
		SccProjectName41 = CodeArt.Office
		SccLocalPath41 = CodeArt.Office
		SccProjectUniqueName42 = CodeArt.Web.WebPages\\CodeArt.Web.WebPages.csproj
		SccProjectTopLevelParentUniqueName42 = CodeArt.sln
		SccProjectName42 = CodeArt.Web.WebPages
		SccLocalPath42 = CodeArt.Web.WebPages
		SccProjectUniqueName43 = CodeArt.Web.WebPages.Xaml\\CodeArt.Web.WebPages.Xaml.csproj
		SccProjectTopLevelParentUniqueName43 = CodeArt.sln
		SccProjectName43 = CodeArt.Web.WebPages.Xaml
		SccLocalPath43 = CodeArt.Web.WebPages.Xaml
		SccProjectUniqueName44 = CodeArt.Html\\CodeArt.Html.csproj
		SccProjectTopLevelParentUniqueName44 = CodeArt.sln
		SccProjectName44 = CodeArt.Html
		SccLocalPath44 = CodeArt.Html
		SccProjectUniqueName45 = CodeArt.Web.XamlControls.Metronic\\CodeArt.Web.XamlControls.Metronic.csproj
		SccProjectTopLevelParentUniqueName45 = CodeArt.sln
		SccProjectName45 = CodeArt.Web.XamlControls.Metronic
		SccLocalPath45 = CodeArt.Web.XamlControls.Metronic
		SccProjectUniqueName46 = CodeArt.Web.XamlControls\\CodeArt.Web.XamlControls.csproj
		SccProjectTopLevelParentUniqueName46 = CodeArt.sln
		SccProjectName46 = CodeArt.Web.XamlControls
		SccLocalPath46 = CodeArt.Web.XamlControls
		SccProjectUniqueName47 = CodeArt.Web.WebPages.Static\\CodeArt.Web.WebPages.Static.csproj
		SccProjectTopLevelParentUniqueName47 = CodeArt.sln
		SccProjectName47 = CodeArt.Web.WebPages.Static
		SccLocalPath47 = CodeArt.Web.WebPages.Static
		SccProjectUniqueName48 = RPCConcurrentServer\\RPCConcurrentServer.csproj
		SccProjectTopLevelParentUniqueName48 = CodeArt.sln
		SccProjectName48 = RPCConcurrentServer
		SccLocalPath48 = RPCConcurrentServer
		SccProjectUniqueName49 = RPCConcurrentClient\\RPCConcurrentClient.csproj
		SccProjectTopLevelParentUniqueName49 = CodeArt.sln
		SccProjectName49 = RPCConcurrentClient
		SccLocalPath49 = RPCConcurrentClient
	EndGlobalSection
EndGlobal
