
Microsoft Visual Studio Solution File, Format Version 12.00
# Visual Studio 15
VisualStudioVersion = 15.0.26430.13
MinimumVisualStudioVersion = 10.0.40219.1
Project("{FAE04EC0-301F-11D3-BF4B-00C04F79EFBC}") = "CodeArt", "CodeArt\CodeArt.csproj", "{D2C9F430-6B47-482A-A49C-A2478D75F95F}"
EndProject
Project("{FAE04EC0-301F-11D3-BF4B-00C04F79EFBC}") = "CodeArt.ServiceModel", "CodeArt.ServiceModel\CodeArt.ServiceModel.csproj", "{EA6365F1-C027-416B-B4CC-A94572B5FC19}"
EndProject
Project("{FAE04EC0-301F-11D3-BF4B-00C04F79EFBC}") = "CodeArt.ModuleNest", "CodeArt.ModuleNest\CodeArt.ModuleNest.csproj", "{B3E36145-C4AC-4FB2-9232-B31D11C42646}"
EndProject
Project("{FAE04EC0-301F-11D3-BF4B-00C04F79EFBC}") = "CodeArt.DomainDriven", "CodeArt.DomainDriven\CodeArt.DomainDriven.csproj", "{F62D7792-F4EE-4924-898E-C56309E6DFC2}"
EndProject
Project("{FAE04EC0-301F-11D3-BF4B-00C04F79EFBC}") = "CodeArt.TestTools", "CodeArt.TestTools\CodeArt.TestTools.csproj", "{A55DD9DB-5254-4D31-888D-05474318035D}"
EndProject
Project("{FAE04EC0-301F-11D3-BF4B-00C04F79EFBC}") = "CodeArt.TestTools.DomainDriven", "CodeArt.TestTools.DomainDriven\CodeArt.TestTools.DomainDriven.csproj", "{1C3B068B-6F6D-40EF-902F-6CE455875BCE}"
EndProject
Project("{FAE04EC0-301F-11D3-BF4B-00C04F79EFBC}") = "CodeArt.DomainDriven.Extensions", "CodeArt.DomainDriven.Extensions\CodeArt.DomainDriven.Extensions.csproj", "{A45A1E35-6CE5-42C2-8FD3-19CE5B0BD5D6}"
EndProject
Project("{FAE04EC0-301F-11D3-BF4B-00C04F79EFBC}") = "CodeArt.DomainDriven.DataAccess", "CodeArt.DomainDriven.DataAccess\CodeArt.DomainDriven.DataAccess.csproj", "{C0BAC0EB-7068-42AF-ACAC-09DF677CF980}"
EndProject
Project("{FAE04EC0-301F-11D3-BF4B-00C04F79EFBC}") = "CodeArt.TestTools.ServiceModel", "CodeArt.TestTools.ServiceModel\CodeArt.TestTools.ServiceModel.csproj", "{986A39BB-38B7-4C33-A61E-C635885088F8}"
EndProject
Project("{FAE04EC0-301F-11D3-BF4B-00C04F79EFBC}") = "CodeArt.Web", "CodeArt.Web\CodeArt.Web.csproj", "{FC477F23-2BCC-4917-841E-691726EB0894}"
EndProject
Project("{FAE04EC0-301F-11D3-BF4B-00C04F79EFBC}") = "CodeArt.ServiceModel.Web", "CodeArt.ServiceModel.Web\CodeArt.ServiceModel.Web.csproj", "{95CB7257-5CE9-477F-8239-A2B57EAF89AD}"
EndProject
Project("{FAE04EC0-301F-11D3-BF4B-00C04F79EFBC}") = "CodeArt.MQ", "CodeArt.MQ\CodeArt.MQ.csproj", "{5B8E281C-2CD7-4E93-882F-2C4A5B29A17B}"
EndProject
Project("{FAE04EC0-301F-11D3-BF4B-00C04F79EFBC}") = "CodeArt.RabbitMQ", "CodeArt.RabbitMQ\CodeArt.RabbitMQ.csproj", "{89C4BA5C-358B-4095-8FD2-0BAE32C2178E}"
EndProject
Project("{FAE04EC0-301F-11D3-BF4B-00C04F79EFBC}") = "CodeArt.ServiceModel.MQ", "CodeArt.ServiceModel.MQ\CodeArt.ServiceModel.MQ.csproj", "{CEBC603E-59AD-4BD7-839D-CCFE7C0841B1}"
EndProject
Global
	GlobalSection(SolutionConfigurationPlatforms) = preSolution
		Debug|Any CPU = Debug|Any CPU
		Release|Any CPU = Release|Any CPU
	EndGlobalSection
	GlobalSection(ProjectConfigurationPlatforms) = postSolution
		{D2C9F430-6B47-482A-A49C-A2478D75F95F}.Debug|Any CPU.ActiveCfg = Debug|Any CPU
		{D2C9F430-6B47-482A-A49C-A2478D75F95F}.Debug|Any CPU.Build.0 = Debug|Any CPU
		{D2C9F430-6B47-482A-A49C-A2478D75F95F}.Release|Any CPU.ActiveCfg = Release|Any CPU
		{D2C9F430-6B47-482A-A49C-A2478D75F95F}.Release|Any CPU.Build.0 = Release|Any CPU
		{EA6365F1-C027-416B-B4CC-A94572B5FC19}.Debug|Any CPU.ActiveCfg = Debug|Any CPU
		{EA6365F1-C027-416B-B4CC-A94572B5FC19}.Debug|Any CPU.Build.0 = Debug|Any CPU
		{EA6365F1-C027-416B-B4CC-A94572B5FC19}.Release|Any CPU.ActiveCfg = Release|Any CPU
		{EA6365F1-C027-416B-B4CC-A94572B5FC19}.Release|Any CPU.Build.0 = Release|Any CPU
		{B3E36145-C4AC-4FB2-9232-B31D11C42646}.Debug|Any CPU.ActiveCfg = Debug|Any CPU
		{B3E36145-C4AC-4FB2-9232-B31D11C42646}.Debug|Any CPU.Build.0 = Debug|Any CPU
		{B3E36145-C4AC-4FB2-9232-B31D11C42646}.Release|Any CPU.ActiveCfg = Release|Any CPU
		{B3E36145-C4AC-4FB2-9232-B31D11C42646}.Release|Any CPU.Build.0 = Release|Any CPU
		{F62D7792-F4EE-4924-898E-C56309E6DFC2}.Debug|Any CPU.ActiveCfg = Debug|Any CPU
		{F62D7792-F4EE-4924-898E-C56309E6DFC2}.Debug|Any CPU.Build.0 = Debug|Any CPU
		{F62D7792-F4EE-4924-898E-C56309E6DFC2}.Release|Any CPU.ActiveCfg = Release|Any CPU
		{F62D7792-F4EE-4924-898E-C56309E6DFC2}.Release|Any CPU.Build.0 = Release|Any CPU
		{A55DD9DB-5254-4D31-888D-05474318035D}.Debug|Any CPU.ActiveCfg = Debug|Any CPU
		{A55DD9DB-5254-4D31-888D-05474318035D}.Debug|Any CPU.Build.0 = Debug|Any CPU
		{A55DD9DB-5254-4D31-888D-05474318035D}.Release|Any CPU.ActiveCfg = Release|Any CPU
		{A55DD9DB-5254-4D31-888D-05474318035D}.Release|Any CPU.Build.0 = Release|Any CPU
		{1C3B068B-6F6D-40EF-902F-6CE455875BCE}.Debug|Any CPU.ActiveCfg = Debug|Any CPU
		{1C3B068B-6F6D-40EF-902F-6CE455875BCE}.Debug|Any CPU.Build.0 = Debug|Any CPU
		{1C3B068B-6F6D-40EF-902F-6CE455875BCE}.Release|Any CPU.ActiveCfg = Release|Any CPU
		{1C3B068B-6F6D-40EF-902F-6CE455875BCE}.Release|Any CPU.Build.0 = Release|Any CPU
		{A45A1E35-6CE5-42C2-8FD3-19CE5B0BD5D6}.Debug|Any CPU.ActiveCfg = Debug|Any CPU
		{A45A1E35-6CE5-42C2-8FD3-19CE5B0BD5D6}.Debug|Any CPU.Build.0 = Debug|Any CPU
		{A45A1E35-6CE5-42C2-8FD3-19CE5B0BD5D6}.Release|Any CPU.ActiveCfg = Release|Any CPU
		{A45A1E35-6CE5-42C2-8FD3-19CE5B0BD5D6}.Release|Any CPU.Build.0 = Release|Any CPU
		{C0BAC0EB-7068-42AF-ACAC-09DF677CF980}.Debug|Any CPU.ActiveCfg = Debug|Any CPU
		{C0BAC0EB-7068-42AF-ACAC-09DF677CF980}.Debug|Any CPU.Build.0 = Debug|Any CPU
		{C0BAC0EB-7068-42AF-ACAC-09DF677CF980}.Release|Any CPU.ActiveCfg = Release|Any CPU
		{C0BAC0EB-7068-42AF-ACAC-09DF677CF980}.Release|Any CPU.Build.0 = Release|Any CPU
		{986A39BB-38B7-4C33-A61E-C635885088F8}.Debug|Any CPU.ActiveCfg = Debug|Any CPU
		{986A39BB-38B7-4C33-A61E-C635885088F8}.Debug|Any CPU.Build.0 = Debug|Any CPU
		{986A39BB-38B7-4C33-A61E-C635885088F8}.Release|Any CPU.ActiveCfg = Release|Any CPU
		{986A39BB-38B7-4C33-A61E-C635885088F8}.Release|Any CPU.Build.0 = Release|Any CPU
		{FC477F23-2BCC-4917-841E-691726EB0894}.Debug|Any CPU.ActiveCfg = Debug|Any CPU
		{FC477F23-2BCC-4917-841E-691726EB0894}.Debug|Any CPU.Build.0 = Debug|Any CPU
		{FC477F23-2BCC-4917-841E-691726EB0894}.Release|Any CPU.ActiveCfg = Release|Any CPU
		{FC477F23-2BCC-4917-841E-691726EB0894}.Release|Any CPU.Build.0 = Release|Any CPU
		{95CB7257-5CE9-477F-8239-A2B57EAF89AD}.Debug|Any CPU.ActiveCfg = Debug|Any CPU
		{95CB7257-5CE9-477F-8239-A2B57EAF89AD}.Debug|Any CPU.Build.0 = Debug|Any CPU
		{95CB7257-5CE9-477F-8239-A2B57EAF89AD}.Release|Any CPU.ActiveCfg = Release|Any CPU
		{95CB7257-5CE9-477F-8239-A2B57EAF89AD}.Release|Any CPU.Build.0 = Release|Any CPU
		{5B8E281C-2CD7-4E93-882F-2C4A5B29A17B}.Debug|Any CPU.ActiveCfg = Debug|Any CPU
		{5B8E281C-2CD7-4E93-882F-2C4A5B29A17B}.Debug|Any CPU.Build.0 = Debug|Any CPU
		{5B8E281C-2CD7-4E93-882F-2C4A5B29A17B}.Release|Any CPU.ActiveCfg = Release|Any CPU
		{5B8E281C-2CD7-4E93-882F-2C4A5B29A17B}.Release|Any CPU.Build.0 = Release|Any CPU
		{89C4BA5C-358B-4095-8FD2-0BAE32C2178E}.Debug|Any CPU.ActiveCfg = Debug|Any CPU
		{89C4BA5C-358B-4095-8FD2-0BAE32C2178E}.Debug|Any CPU.Build.0 = Debug|Any CPU
		{89C4BA5C-358B-4095-8FD2-0BAE32C2178E}.Release|Any CPU.ActiveCfg = Release|Any CPU
		{89C4BA5C-358B-4095-8FD2-0BAE32C2178E}.Release|Any CPU.Build.0 = Release|Any CPU
		{CEBC603E-59AD-4BD7-839D-CCFE7C0841B1}.Debug|Any CPU.ActiveCfg = Debug|Any CPU
		{CEBC603E-59AD-4BD7-839D-CCFE7C0841B1}.Debug|Any CPU.Build.0 = Debug|Any CPU
		{CEBC603E-59AD-4BD7-839D-CCFE7C0841B1}.Release|Any CPU.ActiveCfg = Release|Any CPU
		{CEBC603E-59AD-4BD7-839D-CCFE7C0841B1}.Release|Any CPU.Build.0 = Release|Any CPU
	EndGlobalSection
	GlobalSection(SolutionProperties) = preSolution
		HideSolutionNode = FALSE
	EndGlobalSection
EndGlobal
