
Microsoft Visual Studio Solution File, Format Version 12.00
# Visual Studio Version 17
VisualStudioVersion = 17.2.32602.215
MinimumVisualStudioVersion = 10.0.40219.1
Project("{2150E333-8FDC-42A3-9474-1A3956D46DE8}") = "Framework", "Framework", "{F32ECE69-DED2-4618-8C6E-BBE7673E8FCC}"
EndProject
Project("{FAE04EC0-301F-11D3-BF4B-00C04F79EFBC}") = "CodeArt", "..\CodeArt\CodeArt\CodeArt.csproj", "{D2C9F430-6B47-482A-A49C-A2478D75F95F}"
EndProject
Project("{FAE04EC0-301F-11D3-BF4B-00C04F79EFBC}") = "RPC.Common", "RPC.Common\RPC.Common.csproj", "{A8D0E7AB-46B0-42FC-8777-9599CF525D9A}"
EndProject
Project("{FAE04EC0-301F-11D3-BF4B-00C04F79EFBC}") = "CodeArt.Web", "..\CodeArt\CodeArt.Web\CodeArt.Web.csproj", "{FC477F23-2BCC-4917-841E-691726EB0894}"
EndProject
Project("{FAE04EC0-301F-11D3-BF4B-00C04F79EFBC}") = "CodeArt.EasyMQ", "..\CodeArt\CodeArt.EasyMQ\CodeArt.EasyMQ.csproj", "{AFB15952-0DFA-4919-9D4B-46C2737654EC}"
EndProject
Project("{FAE04EC0-301F-11D3-BF4B-00C04F79EFBC}") = "CodeArt.ServiceModel", "..\CodeArt\CodeArt.ServiceModel\CodeArt.ServiceModel.csproj", "{EA6365F1-C027-416B-B4CC-A94572B5FC19}"
EndProject
Project("{FAE04EC0-301F-11D3-BF4B-00C04F79EFBC}") = "CodeArt.ServiceModel.MQ", "..\CodeArt\CodeArt.ServiceModel.MQ\CodeArt.ServiceModel.MQ.csproj", "{CEBC603E-59AD-4BD7-839D-CCFE7C0841B1}"
EndProject
Project("{FAE04EC0-301F-11D3-BF4B-00C04F79EFBC}") = "CodeArt.Web.RPC", "..\CodeArt\CodeArt.Web.RPC\CodeArt.Web.RPC.csproj", "{21FC3D57-EC6A-4C8E-8998-C9681CC6A291}"
EndProject
Project("{FAE04EC0-301F-11D3-BF4B-00C04F79EFBC}") = "CodeArt.Web.WebPages", "..\CodeArt\CodeArt.Web.WebPages\CodeArt.Web.WebPages.csproj", "{1D237E7F-2E78-400A-BDB2-A3223EF26C0D}"
EndProject
Project("{FAE04EC0-301F-11D3-BF4B-00C04F79EFBC}") = "CodeArt.WeChat", "..\CodeArt\CodeArt.WeChat\CodeArt.WeChat.csproj", "{7A8E9ED4-12FD-4BF0-A37E-58EA5A38B471}"
EndProject
Project("{FAE04EC0-301F-11D3-BF4B-00C04F79EFBC}") = "RPC.Metadata", "RPC.Metadata\RPC.Metadata.csproj", "{A6B64181-C3E1-4BB7-8036-EB6842A96C68}"
EndProject
Global
	GlobalSection(SolutionConfigurationPlatforms) = preSolution
		Debug|Any CPU = Debug|Any CPU
		Debug|x64 = Debug|x64
		Release|Any CPU = Release|Any CPU
		Release|x64 = Release|x64
	EndGlobalSection
	GlobalSection(ProjectConfigurationPlatforms) = postSolution
		{D2C9F430-6B47-482A-A49C-A2478D75F95F}.Debug|Any CPU.ActiveCfg = Debug|Any CPU
		{D2C9F430-6B47-482A-A49C-A2478D75F95F}.Debug|Any CPU.Build.0 = Debug|Any CPU
		{D2C9F430-6B47-482A-A49C-A2478D75F95F}.Debug|x64.ActiveCfg = Debug|x64
		{D2C9F430-6B47-482A-A49C-A2478D75F95F}.Debug|x64.Build.0 = Debug|x64
		{D2C9F430-6B47-482A-A49C-A2478D75F95F}.Release|Any CPU.ActiveCfg = Release|Any CPU
		{D2C9F430-6B47-482A-A49C-A2478D75F95F}.Release|Any CPU.Build.0 = Release|Any CPU
		{D2C9F430-6B47-482A-A49C-A2478D75F95F}.Release|x64.ActiveCfg = Release|x64
		{D2C9F430-6B47-482A-A49C-A2478D75F95F}.Release|x64.Build.0 = Release|x64
		{A8D0E7AB-46B0-42FC-8777-9599CF525D9A}.Debug|Any CPU.ActiveCfg = Debug|Any CPU
		{A8D0E7AB-46B0-42FC-8777-9599CF525D9A}.Debug|Any CPU.Build.0 = Debug|Any CPU
		{A8D0E7AB-46B0-42FC-8777-9599CF525D9A}.Debug|x64.ActiveCfg = Debug|Any CPU
		{A8D0E7AB-46B0-42FC-8777-9599CF525D9A}.Debug|x64.Build.0 = Debug|Any CPU
		{A8D0E7AB-46B0-42FC-8777-9599CF525D9A}.Release|Any CPU.ActiveCfg = Release|Any CPU
		{A8D0E7AB-46B0-42FC-8777-9599CF525D9A}.Release|Any CPU.Build.0 = Release|Any CPU
		{A8D0E7AB-46B0-42FC-8777-9599CF525D9A}.Release|x64.ActiveCfg = Release|Any CPU
		{A8D0E7AB-46B0-42FC-8777-9599CF525D9A}.Release|x64.Build.0 = Release|Any CPU
		{FC477F23-2BCC-4917-841E-691726EB0894}.Debug|Any CPU.ActiveCfg = Debug|Any CPU
		{FC477F23-2BCC-4917-841E-691726EB0894}.Debug|Any CPU.Build.0 = Debug|Any CPU
		{FC477F23-2BCC-4917-841E-691726EB0894}.Debug|x64.ActiveCfg = Debug|Any CPU
		{FC477F23-2BCC-4917-841E-691726EB0894}.Debug|x64.Build.0 = Debug|Any CPU
		{FC477F23-2BCC-4917-841E-691726EB0894}.Release|Any CPU.ActiveCfg = Release|Any CPU
		{FC477F23-2BCC-4917-841E-691726EB0894}.Release|Any CPU.Build.0 = Release|Any CPU
		{FC477F23-2BCC-4917-841E-691726EB0894}.Release|x64.ActiveCfg = Release|Any CPU
		{FC477F23-2BCC-4917-841E-691726EB0894}.Release|x64.Build.0 = Release|Any CPU
		{AFB15952-0DFA-4919-9D4B-46C2737654EC}.Debug|Any CPU.ActiveCfg = Debug|Any CPU
		{AFB15952-0DFA-4919-9D4B-46C2737654EC}.Debug|Any CPU.Build.0 = Debug|Any CPU
		{AFB15952-0DFA-4919-9D4B-46C2737654EC}.Debug|x64.ActiveCfg = Debug|Any CPU
		{AFB15952-0DFA-4919-9D4B-46C2737654EC}.Debug|x64.Build.0 = Debug|Any CPU
		{AFB15952-0DFA-4919-9D4B-46C2737654EC}.Release|Any CPU.ActiveCfg = Release|Any CPU
		{AFB15952-0DFA-4919-9D4B-46C2737654EC}.Release|Any CPU.Build.0 = Release|Any CPU
		{AFB15952-0DFA-4919-9D4B-46C2737654EC}.Release|x64.ActiveCfg = Release|Any CPU
		{AFB15952-0DFA-4919-9D4B-46C2737654EC}.Release|x64.Build.0 = Release|Any CPU
		{EA6365F1-C027-416B-B4CC-A94572B5FC19}.Debug|Any CPU.ActiveCfg = Debug|Any CPU
		{EA6365F1-C027-416B-B4CC-A94572B5FC19}.Debug|Any CPU.Build.0 = Debug|Any CPU
		{EA6365F1-C027-416B-B4CC-A94572B5FC19}.Debug|x64.ActiveCfg = Debug|Any CPU
		{EA6365F1-C027-416B-B4CC-A94572B5FC19}.Debug|x64.Build.0 = Debug|Any CPU
		{EA6365F1-C027-416B-B4CC-A94572B5FC19}.Release|Any CPU.ActiveCfg = Release|Any CPU
		{EA6365F1-C027-416B-B4CC-A94572B5FC19}.Release|Any CPU.Build.0 = Release|Any CPU
		{EA6365F1-C027-416B-B4CC-A94572B5FC19}.Release|x64.ActiveCfg = Release|Any CPU
		{EA6365F1-C027-416B-B4CC-A94572B5FC19}.Release|x64.Build.0 = Release|Any CPU
		{CEBC603E-59AD-4BD7-839D-CCFE7C0841B1}.Debug|Any CPU.ActiveCfg = Debug|Any CPU
		{CEBC603E-59AD-4BD7-839D-CCFE7C0841B1}.Debug|Any CPU.Build.0 = Debug|Any CPU
		{CEBC603E-59AD-4BD7-839D-CCFE7C0841B1}.Debug|x64.ActiveCfg = Debug|Any CPU
		{CEBC603E-59AD-4BD7-839D-CCFE7C0841B1}.Debug|x64.Build.0 = Debug|Any CPU
		{CEBC603E-59AD-4BD7-839D-CCFE7C0841B1}.Release|Any CPU.ActiveCfg = Release|Any CPU
		{CEBC603E-59AD-4BD7-839D-CCFE7C0841B1}.Release|Any CPU.Build.0 = Release|Any CPU
		{CEBC603E-59AD-4BD7-839D-CCFE7C0841B1}.Release|x64.ActiveCfg = Release|Any CPU
		{CEBC603E-59AD-4BD7-839D-CCFE7C0841B1}.Release|x64.Build.0 = Release|Any CPU
		{21FC3D57-EC6A-4C8E-8998-C9681CC6A291}.Debug|Any CPU.ActiveCfg = Debug|Any CPU
		{21FC3D57-EC6A-4C8E-8998-C9681CC6A291}.Debug|Any CPU.Build.0 = Debug|Any CPU
		{21FC3D57-EC6A-4C8E-8998-C9681CC6A291}.Debug|x64.ActiveCfg = Debug|Any CPU
		{21FC3D57-EC6A-4C8E-8998-C9681CC6A291}.Debug|x64.Build.0 = Debug|Any CPU
		{21FC3D57-EC6A-4C8E-8998-C9681CC6A291}.Release|Any CPU.ActiveCfg = Release|Any CPU
		{21FC3D57-EC6A-4C8E-8998-C9681CC6A291}.Release|Any CPU.Build.0 = Release|Any CPU
		{21FC3D57-EC6A-4C8E-8998-C9681CC6A291}.Release|x64.ActiveCfg = Release|Any CPU
		{21FC3D57-EC6A-4C8E-8998-C9681CC6A291}.Release|x64.Build.0 = Release|Any CPU
		{1D237E7F-2E78-400A-BDB2-A3223EF26C0D}.Debug|Any CPU.ActiveCfg = Debug|Any CPU
		{1D237E7F-2E78-400A-BDB2-A3223EF26C0D}.Debug|Any CPU.Build.0 = Debug|Any CPU
		{1D237E7F-2E78-400A-BDB2-A3223EF26C0D}.Debug|x64.ActiveCfg = Debug|Any CPU
		{1D237E7F-2E78-400A-BDB2-A3223EF26C0D}.Debug|x64.Build.0 = Debug|Any CPU
		{1D237E7F-2E78-400A-BDB2-A3223EF26C0D}.Release|Any CPU.ActiveCfg = Release|Any CPU
		{1D237E7F-2E78-400A-BDB2-A3223EF26C0D}.Release|Any CPU.Build.0 = Release|Any CPU
		{1D237E7F-2E78-400A-BDB2-A3223EF26C0D}.Release|x64.ActiveCfg = Release|Any CPU
		{1D237E7F-2E78-400A-BDB2-A3223EF26C0D}.Release|x64.Build.0 = Release|Any CPU
		{7A8E9ED4-12FD-4BF0-A37E-58EA5A38B471}.Debug|Any CPU.ActiveCfg = Debug|Any CPU
		{7A8E9ED4-12FD-4BF0-A37E-58EA5A38B471}.Debug|Any CPU.Build.0 = Debug|Any CPU
		{7A8E9ED4-12FD-4BF0-A37E-58EA5A38B471}.Debug|x64.ActiveCfg = Debug|Any CPU
		{7A8E9ED4-12FD-4BF0-A37E-58EA5A38B471}.Debug|x64.Build.0 = Debug|Any CPU
		{7A8E9ED4-12FD-4BF0-A37E-58EA5A38B471}.Release|Any CPU.ActiveCfg = Release|Any CPU
		{7A8E9ED4-12FD-4BF0-A37E-58EA5A38B471}.Release|Any CPU.Build.0 = Release|Any CPU
		{7A8E9ED4-12FD-4BF0-A37E-58EA5A38B471}.Release|x64.ActiveCfg = Release|Any CPU
		{7A8E9ED4-12FD-4BF0-A37E-58EA5A38B471}.Release|x64.Build.0 = Release|Any CPU
		{A6B64181-C3E1-4BB7-8036-EB6842A96C68}.Debug|Any CPU.ActiveCfg = Debug|Any CPU
		{A6B64181-C3E1-4BB7-8036-EB6842A96C68}.Debug|Any CPU.Build.0 = Debug|Any CPU
		{A6B64181-C3E1-4BB7-8036-EB6842A96C68}.Debug|x64.ActiveCfg = Debug|Any CPU
		{A6B64181-C3E1-4BB7-8036-EB6842A96C68}.Debug|x64.Build.0 = Debug|Any CPU
		{A6B64181-C3E1-4BB7-8036-EB6842A96C68}.Release|Any CPU.ActiveCfg = Release|Any CPU
		{A6B64181-C3E1-4BB7-8036-EB6842A96C68}.Release|Any CPU.Build.0 = Release|Any CPU
		{A6B64181-C3E1-4BB7-8036-EB6842A96C68}.Release|x64.ActiveCfg = Release|Any CPU
		{A6B64181-C3E1-4BB7-8036-EB6842A96C68}.Release|x64.Build.0 = Release|Any CPU
	EndGlobalSection
	GlobalSection(SolutionProperties) = preSolution
		HideSolutionNode = FALSE
	EndGlobalSection
	GlobalSection(NestedProjects) = preSolution
		{D2C9F430-6B47-482A-A49C-A2478D75F95F} = {F32ECE69-DED2-4618-8C6E-BBE7673E8FCC}
		{FC477F23-2BCC-4917-841E-691726EB0894} = {F32ECE69-DED2-4618-8C6E-BBE7673E8FCC}
		{AFB15952-0DFA-4919-9D4B-46C2737654EC} = {F32ECE69-DED2-4618-8C6E-BBE7673E8FCC}
		{EA6365F1-C027-416B-B4CC-A94572B5FC19} = {F32ECE69-DED2-4618-8C6E-BBE7673E8FCC}
		{CEBC603E-59AD-4BD7-839D-CCFE7C0841B1} = {F32ECE69-DED2-4618-8C6E-BBE7673E8FCC}
		{21FC3D57-EC6A-4C8E-8998-C9681CC6A291} = {F32ECE69-DED2-4618-8C6E-BBE7673E8FCC}
		{1D237E7F-2E78-400A-BDB2-A3223EF26C0D} = {F32ECE69-DED2-4618-8C6E-BBE7673E8FCC}
		{7A8E9ED4-12FD-4BF0-A37E-58EA5A38B471} = {F32ECE69-DED2-4618-8C6E-BBE7673E8FCC}
	EndGlobalSection
	GlobalSection(ExtensibilityGlobals) = postSolution
		SolutionGuid = {F11E08F5-DCD6-4AD8-A701-B1E68D511E34}
	EndGlobalSection
EndGlobal
