
Microsoft Visual Studio Solution File, Format Version 12.00
# Visual Studio 15
VisualStudioVersion = 15.0.26403.7
MinimumVisualStudioVersion = 10.0.40219.1
Project("{2150E333-8FDC-42A3-9474-1A3956D46DE8}") = "Framework", "Framework", "{99ECAE38-204D-4947-B45A-6B4F8C963C2E}"
EndProject
Project("{FAE04EC0-301F-11D3-BF4B-00C04F79EFBC}") = "CodeArt", "..\..\..\src\CodeArt\CodeArt.csproj", "{D2C9F430-6B47-482A-A49C-A2478D75F95F}"
EndProject
Project("{FAE04EC0-301F-11D3-BF4B-00C04F79EFBC}") = "CodeArt.DomainDriven", "..\..\..\src\CodeArt.DomainDriven\CodeArt.DomainDriven.csproj", "{F62D7792-F4EE-4924-898E-C56309E6DFC2}"
EndProject
Project("{FAE04EC0-301F-11D3-BF4B-00C04F79EFBC}") = "CodeArt.DomainDriven.DataAccess", "..\..\..\src\CodeArt.DomainDriven.DataAccess\CodeArt.DomainDriven.DataAccess.csproj", "{C0BAC0EB-7068-42AF-ACAC-09DF677CF980}"
EndProject
Project("{FAE04EC0-301F-11D3-BF4B-00C04F79EFBC}") = "CodeArt.DomainDriven.Extensions", "..\..\..\src\CodeArt.DomainDriven.Extensions\CodeArt.DomainDriven.Extensions.csproj", "{A45A1E35-6CE5-42C2-8FD3-19CE5B0BD5D6}"
EndProject
Project("{FAE04EC0-301F-11D3-BF4B-00C04F79EFBC}") = "CodeArt.ServiceModel", "..\..\..\src\CodeArt.ServiceModel\CodeArt.ServiceModel.csproj", "{EA6365F1-C027-416B-B4CC-A94572B5FC19}"
EndProject
Project("{2150E333-8FDC-42A3-9474-1A3956D46DE8}") = "Subsystems", "Subsystems", "{5F589A1E-007A-4A15-BE6D-EEB69A7DBCFC}"
EndProject
Project("{FAE04EC0-301F-11D3-BF4B-00C04F79EFBC}") = "AccountSubsystem", "..\..\..\examples\Subsystems\AccountSubsystem\AccountSubsystem\AccountSubsystem.csproj", "{F9F4EF44-D894-4B0C-8A6F-AE422D98576C}"
EndProject
Project("{FAE04EC0-301F-11D3-BF4B-00C04F79EFBC}") = "PortalService.Application", "PortalService.Application\PortalService.Application.csproj", "{10F7C080-CF92-4AF1-B12A-32B55FBDFA34}"
EndProject
Project("{E24C65DC-7377-472B-9ABA-BC803B73C61A}") = "http://portal.services.codeart.cn", "http://portal.services.codeart.cn", "{F9945899-4DE8-436F-97AC-05C1A79E4692}"
	ProjectSection(WebsiteProperties) = preProject
		SccProjectName = "SAK"
		SccAuxPath = "SAK"
		SccLocalPath = "SAK"
		SccProvider = "SAK"
		UseIISExpress = "false"
		TargetFrameworkMoniker = ".NETFramework,Version%3Dv4.6.2"
		ProjectReferences = "{d2c9f430-6b47-482a-a49c-a2478d75f95f}|CodeArt.dll;{ea6365f1-c027-416b-b4cc-a94572b5fc19}|CodeArt.ServiceModel.dll;{10f7c080-cf92-4af1-b12a-32b55fbdfa34}|PortalService.Application.dll;{f62d7792-f4ee-4924-898e-c56309e6dfc2}|CodeArt.DomainDriven.dll;{c0bac0eb-7068-42af-acac-09df677cf980}|CodeArt.DomainDriven.DataAccess.dll;{a45a1e35-6ce5-42c2-8fd3-19ce5b0bd5d6}|CodeArt.DomainDriven.Extensions.dll;{f9f4ef44-d894-4b0c-8a6f-ae422d98576c}|AccountSubsystem.dll;{95cb7257-5ce9-477f-8239-a2b57eaf89ad}|CodeArt.ServiceModel.Web.dll;{FC477F23-2BCC-4917-841E-691726EB0894}|CodeArt.Web.dll;"
		Debug.AspNetCompiler.VirtualPath = "/portal.services.codeart.cn"
		Debug.AspNetCompiler.PhysicalPath = "ServiceWeb\"
		Debug.AspNetCompiler.TargetPath = "PrecompiledWeb\portal.services.codeart.cn\"
		Debug.AspNetCompiler.Updateable = "true"
		Debug.AspNetCompiler.ForceOverwrite = "true"
		Debug.AspNetCompiler.FixedNames = "false"
		Debug.AspNetCompiler.Debug = "True"
		Release.AspNetCompiler.VirtualPath = "/portal.services.codeart.cn"
		Release.AspNetCompiler.PhysicalPath = "ServiceWeb\"
		Release.AspNetCompiler.TargetPath = "PrecompiledWeb\portal.services.codeart.cn\"
		Release.AspNetCompiler.Updateable = "true"
		Release.AspNetCompiler.ForceOverwrite = "true"
		Release.AspNetCompiler.FixedNames = "false"
		Release.AspNetCompiler.Debug = "False"
		SlnRelativePath = "ServiceWeb\"
	EndProjectSection
EndProject
Project("{FAE04EC0-301F-11D3-BF4B-00C04F79EFBC}") = "PortalServiceTest", "PortalServiceTest\PortalServiceTest.csproj", "{F9142CEE-15A4-412A-BF43-F6C6BBFF538D}"
EndProject
Project("{FAE04EC0-301F-11D3-BF4B-00C04F79EFBC}") = "CodeArt.TestTools", "..\..\..\src\CodeArt.TestTools\CodeArt.TestTools.csproj", "{A55DD9DB-5254-4D31-888D-05474318035D}"
EndProject
Project("{FAE04EC0-301F-11D3-BF4B-00C04F79EFBC}") = "CodeArt.TestTools.ServiceModel", "..\..\..\src\CodeArt.TestTools.ServiceModel\CodeArt.TestTools.ServiceModel.csproj", "{986A39BB-38B7-4C33-A61E-C635885088F8}"
EndProject
Project("{FAE04EC0-301F-11D3-BF4B-00C04F79EFBC}") = "CodeArt.Web", "..\..\..\src\CodeArt.Web\CodeArt.Web.csproj", "{FC477F23-2BCC-4917-841E-691726EB0894}"
EndProject
Project("{FAE04EC0-301F-11D3-BF4B-00C04F79EFBC}") = "CodeArt.ServiceModel.Web", "..\..\..\src\CodeArt.ServiceModel.Web\CodeArt.ServiceModel.Web.csproj", "{95CB7257-5CE9-477F-8239-A2B57EAF89AD}"
EndProject
Global
	GlobalSection(SolutionConfigurationPlatforms) = preSolution
		Debug|Any CPU = Debug|Any CPU
		Release|Any CPU = Release|Any CPU
	EndGlobalSection
	GlobalSection(ProjectConfigurationPlatforms) = postSolution
		{D2C9F430-6B47-482A-A49C-A2478D75F95F}.Debug|Any CPU.ActiveCfg = Debug|Any CPU
		{D2C9F430-6B47-482A-A49C-A2478D75F95F}.Debug|Any CPU.Build.0 = Debug|Any CPU
		{D2C9F430-6B47-482A-A49C-A2478D75F95F}.Release|Any CPU.ActiveCfg = Release|Any CPU
		{D2C9F430-6B47-482A-A49C-A2478D75F95F}.Release|Any CPU.Build.0 = Release|Any CPU
		{F62D7792-F4EE-4924-898E-C56309E6DFC2}.Debug|Any CPU.ActiveCfg = Debug|Any CPU
		{F62D7792-F4EE-4924-898E-C56309E6DFC2}.Debug|Any CPU.Build.0 = Debug|Any CPU
		{F62D7792-F4EE-4924-898E-C56309E6DFC2}.Release|Any CPU.ActiveCfg = Release|Any CPU
		{F62D7792-F4EE-4924-898E-C56309E6DFC2}.Release|Any CPU.Build.0 = Release|Any CPU
		{C0BAC0EB-7068-42AF-ACAC-09DF677CF980}.Debug|Any CPU.ActiveCfg = Debug|Any CPU
		{C0BAC0EB-7068-42AF-ACAC-09DF677CF980}.Debug|Any CPU.Build.0 = Debug|Any CPU
		{C0BAC0EB-7068-42AF-ACAC-09DF677CF980}.Release|Any CPU.ActiveCfg = Release|Any CPU
		{C0BAC0EB-7068-42AF-ACAC-09DF677CF980}.Release|Any CPU.Build.0 = Release|Any CPU
		{A45A1E35-6CE5-42C2-8FD3-19CE5B0BD5D6}.Debug|Any CPU.ActiveCfg = Debug|Any CPU
		{A45A1E35-6CE5-42C2-8FD3-19CE5B0BD5D6}.Debug|Any CPU.Build.0 = Debug|Any CPU
		{A45A1E35-6CE5-42C2-8FD3-19CE5B0BD5D6}.Release|Any CPU.ActiveCfg = Release|Any CPU
		{A45A1E35-6CE5-42C2-8FD3-19CE5B0BD5D6}.Release|Any CPU.Build.0 = Release|Any CPU
		{EA6365F1-C027-416B-B4CC-A94572B5FC19}.Debug|Any CPU.ActiveCfg = Debug|Any CPU
		{EA6365F1-C027-416B-B4CC-A94572B5FC19}.Debug|Any CPU.Build.0 = Debug|Any CPU
		{EA6365F1-C027-416B-B4CC-A94572B5FC19}.Release|Any CPU.ActiveCfg = Release|Any CPU
		{EA6365F1-C027-416B-B4CC-A94572B5FC19}.Release|Any CPU.Build.0 = Release|Any CPU
		{F9F4EF44-D894-4B0C-8A6F-AE422D98576C}.Debug|Any CPU.ActiveCfg = Debug|Any CPU
		{F9F4EF44-D894-4B0C-8A6F-AE422D98576C}.Debug|Any CPU.Build.0 = Debug|Any CPU
		{F9F4EF44-D894-4B0C-8A6F-AE422D98576C}.Release|Any CPU.ActiveCfg = Release|Any CPU
		{F9F4EF44-D894-4B0C-8A6F-AE422D98576C}.Release|Any CPU.Build.0 = Release|Any CPU
		{10F7C080-CF92-4AF1-B12A-32B55FBDFA34}.Debug|Any CPU.ActiveCfg = Debug|Any CPU
		{10F7C080-CF92-4AF1-B12A-32B55FBDFA34}.Debug|Any CPU.Build.0 = Debug|Any CPU
		{10F7C080-CF92-4AF1-B12A-32B55FBDFA34}.Release|Any CPU.ActiveCfg = Release|Any CPU
		{10F7C080-CF92-4AF1-B12A-32B55FBDFA34}.Release|Any CPU.Build.0 = Release|Any CPU
		{F9945899-4DE8-436F-97AC-05C1A79E4692}.Debug|Any CPU.ActiveCfg = Debug|Any CPU
		{F9945899-4DE8-436F-97AC-05C1A79E4692}.Debug|Any CPU.Build.0 = Debug|Any CPU
		{F9945899-4DE8-436F-97AC-05C1A79E4692}.Release|Any CPU.ActiveCfg = Debug|Any CPU
		{F9945899-4DE8-436F-97AC-05C1A79E4692}.Release|Any CPU.Build.0 = Debug|Any CPU
		{F9142CEE-15A4-412A-BF43-F6C6BBFF538D}.Debug|Any CPU.ActiveCfg = Debug|Any CPU
		{F9142CEE-15A4-412A-BF43-F6C6BBFF538D}.Debug|Any CPU.Build.0 = Debug|Any CPU
		{F9142CEE-15A4-412A-BF43-F6C6BBFF538D}.Release|Any CPU.ActiveCfg = Release|Any CPU
		{F9142CEE-15A4-412A-BF43-F6C6BBFF538D}.Release|Any CPU.Build.0 = Release|Any CPU
		{A55DD9DB-5254-4D31-888D-05474318035D}.Debug|Any CPU.ActiveCfg = Debug|Any CPU
		{A55DD9DB-5254-4D31-888D-05474318035D}.Debug|Any CPU.Build.0 = Debug|Any CPU
		{A55DD9DB-5254-4D31-888D-05474318035D}.Release|Any CPU.ActiveCfg = Release|Any CPU
		{A55DD9DB-5254-4D31-888D-05474318035D}.Release|Any CPU.Build.0 = Release|Any CPU
		{986A39BB-38B7-4C33-A61E-C635885088F8}.Debug|Any CPU.ActiveCfg = Debug|Any CPU
		{986A39BB-38B7-4C33-A61E-C635885088F8}.Debug|Any CPU.Build.0 = Debug|Any CPU
		{986A39BB-38B7-4C33-A61E-C635885088F8}.Release|Any CPU.ActiveCfg = Release|Any CPU
		{986A39BB-38B7-4C33-A61E-C635885088F8}.Release|Any CPU.Build.0 = Release|Any CPU
		{FC477F23-2BCC-4917-841E-691726EB0894}.Debug|Any CPU.ActiveCfg = Debug|Any CPU
		{FC477F23-2BCC-4917-841E-691726EB0894}.Debug|Any CPU.Build.0 = Debug|Any CPU
		{FC477F23-2BCC-4917-841E-691726EB0894}.Release|Any CPU.ActiveCfg = Release|Any CPU
		{FC477F23-2BCC-4917-841E-691726EB0894}.Release|Any CPU.Build.0 = Release|Any CPU
		{95CB7257-5CE9-477F-8239-A2B57EAF89AD}.Debug|Any CPU.ActiveCfg = Debug|Any CPU
		{95CB7257-5CE9-477F-8239-A2B57EAF89AD}.Debug|Any CPU.Build.0 = Debug|Any CPU
		{95CB7257-5CE9-477F-8239-A2B57EAF89AD}.Release|Any CPU.ActiveCfg = Release|Any CPU
		{95CB7257-5CE9-477F-8239-A2B57EAF89AD}.Release|Any CPU.Build.0 = Release|Any CPU
	EndGlobalSection
	GlobalSection(SolutionProperties) = preSolution
		HideSolutionNode = FALSE
	EndGlobalSection
	GlobalSection(NestedProjects) = preSolution
		{D2C9F430-6B47-482A-A49C-A2478D75F95F} = {99ECAE38-204D-4947-B45A-6B4F8C963C2E}
		{F62D7792-F4EE-4924-898E-C56309E6DFC2} = {99ECAE38-204D-4947-B45A-6B4F8C963C2E}
		{C0BAC0EB-7068-42AF-ACAC-09DF677CF980} = {99ECAE38-204D-4947-B45A-6B4F8C963C2E}
		{A45A1E35-6CE5-42C2-8FD3-19CE5B0BD5D6} = {99ECAE38-204D-4947-B45A-6B4F8C963C2E}
		{EA6365F1-C027-416B-B4CC-A94572B5FC19} = {99ECAE38-204D-4947-B45A-6B4F8C963C2E}
		{F9F4EF44-D894-4B0C-8A6F-AE422D98576C} = {5F589A1E-007A-4A15-BE6D-EEB69A7DBCFC}
		{A55DD9DB-5254-4D31-888D-05474318035D} = {99ECAE38-204D-4947-B45A-6B4F8C963C2E}
		{986A39BB-38B7-4C33-A61E-C635885088F8} = {99ECAE38-204D-4947-B45A-6B4F8C963C2E}
		{FC477F23-2BCC-4917-841E-691726EB0894} = {99ECAE38-204D-4947-B45A-6B4F8C963C2E}
		{95CB7257-5CE9-477F-8239-A2B57EAF89AD} = {99ECAE38-204D-4947-B45A-6B4F8C963C2E}
	EndGlobalSection
	GlobalSection(TeamFoundationVersionControl) = preSolution
		SccNumberOfProjects = 14
		SccEnterpriseProvider = {4CA58AB2-18FA-4F8D-95D4-32DDF27D184C}
		SccTeamFoundationServer = https://nuancetech-projects.visualstudio.com/
		SccLocalPath0 = .
		SccProjectUniqueName1 = ..\\..\\CodeArt\u0020Framework\\CodeArt\\CodeArt\\CodeArt.csproj
		SccProjectTopLevelParentUniqueName1 = PortalService.sln
		SccProjectName1 = ../../CodeArt\u0020Framework/CodeArt/CodeArt
		SccLocalPath1 = ..\\..\\CodeArt\u0020Framework\\CodeArt\\CodeArt
		SccProjectUniqueName2 = ..\\..\\CodeArt\u0020Framework\\CodeArt\\CodeArt.DomainDriven\\CodeArt.DomainDriven.csproj
		SccProjectTopLevelParentUniqueName2 = PortalService.sln
		SccProjectName2 = ../../CodeArt\u0020Framework/CodeArt/CodeArt.DomainDriven
		SccLocalPath2 = ..\\..\\CodeArt\u0020Framework\\CodeArt\\CodeArt.DomainDriven
		SccProjectUniqueName3 = ..\\..\\CodeArt\u0020Framework\\CodeArt\\CodeArt.DomainDriven.DataAccess\\CodeArt.DomainDriven.DataAccess.csproj
		SccProjectTopLevelParentUniqueName3 = PortalService.sln
		SccProjectName3 = ../../CodeArt\u0020Framework/CodeArt/CodeArt.DomainDriven.DataAccess
		SccLocalPath3 = ..\\..\\CodeArt\u0020Framework\\CodeArt\\CodeArt.DomainDriven.DataAccess
		SccProjectUniqueName4 = ..\\..\\CodeArt\u0020Framework\\CodeArt\\CodeArt.DomainDriven.Extensions\\CodeArt.DomainDriven.Extensions.csproj
		SccProjectTopLevelParentUniqueName4 = PortalService.sln
		SccProjectName4 = ../../CodeArt\u0020Framework/CodeArt/CodeArt.DomainDriven.Extensions
		SccLocalPath4 = ..\\..\\CodeArt\u0020Framework\\CodeArt\\CodeArt.DomainDriven.Extensions
		SccProjectUniqueName5 = ..\\..\\CodeArt\u0020Framework\\CodeArt\\CodeArt.ServiceModel\\CodeArt.ServiceModel.csproj
		SccProjectTopLevelParentUniqueName5 = PortalService.sln
		SccProjectName5 = ../../CodeArt\u0020Framework/CodeArt/CodeArt.ServiceModel
		SccLocalPath5 = ..\\..\\CodeArt\u0020Framework\\CodeArt\\CodeArt.ServiceModel
		SccProjectUniqueName6 = ..\\..\\Subsystems\u0020Framework\\AccountSubsystem\\AccountSubsystem\\AccountSubsystem.csproj
		SccProjectTopLevelParentUniqueName6 = PortalService.sln
		SccProjectName6 = ../../Subsystems\u0020Framework/AccountSubsystem/AccountSubsystem
		SccLocalPath6 = ..\\..\\Subsystems\u0020Framework\\AccountSubsystem\\AccountSubsystem
		SccProjectUniqueName7 = PortalService.Application\\PortalService.Application.csproj
		SccProjectName7 = PortalService.Application
		SccLocalPath7 = PortalService.Application
		SccWebProject8 = true
		SccProjectUniqueName8 = http://portal.services.codeart.cn
		SccProjectName8 = ServiceWeb
		SccLocalPath8 = ServiceWeb
		SccProjectEnlistmentChoice8 = 2
		SccProjectUniqueName9 = PortalServiceTest\\PortalServiceTest.csproj
		SccProjectName9 = PortalServiceTest
		SccLocalPath9 = PortalServiceTest
		SccProjectUniqueName10 = ..\\..\\CodeArt\u0020Framework\\CodeArt\\CodeArt.TestTools\\CodeArt.TestTools.csproj
		SccProjectTopLevelParentUniqueName10 = PortalService.sln
		SccProjectName10 = ../../CodeArt\u0020Framework/CodeArt/CodeArt.TestTools
		SccLocalPath10 = ..\\..\\CodeArt\u0020Framework\\CodeArt\\CodeArt.TestTools
		SccProjectUniqueName11 = ..\\..\\CodeArt\u0020Framework\\CodeArt\\CodeArt.TestTools.ServiceModel\\CodeArt.TestTools.ServiceModel.csproj
		SccProjectTopLevelParentUniqueName11 = PortalService.sln
		SccProjectName11 = ../../CodeArt\u0020Framework/CodeArt/CodeArt.TestTools.ServiceModel
		SccLocalPath11 = ..\\..\\CodeArt\u0020Framework\\CodeArt\\CodeArt.TestTools.ServiceModel
		SccProjectUniqueName12 = ..\\..\\CodeArt\u0020Framework\\CodeArt\\CodeArt.Web\\CodeArt.Web.csproj
		SccProjectTopLevelParentUniqueName12 = PortalService.sln
		SccProjectName12 = ../../CodeArt\u0020Framework/CodeArt/CodeArt.Web
		SccLocalPath12 = ..\\..\\CodeArt\u0020Framework\\CodeArt\\CodeArt.Web
		SccProjectUniqueName13 = ..\\..\\CodeArt\u0020Framework\\CodeArt\\CodeArt.ServiceModel.Web\\CodeArt.ServiceModel.Web.csproj
		SccProjectTopLevelParentUniqueName13 = PortalService.sln
		SccProjectName13 = ../../CodeArt\u0020Framework/CodeArt/CodeArt.ServiceModel.Web
		SccLocalPath13 = ..\\..\\CodeArt\u0020Framework\\CodeArt\\CodeArt.ServiceModel.Web
	EndGlobalSection
EndGlobal
